<?xml version="1.0" encoding="utf-8"?>
<Project ToolsVersion="16.0" xmlns="http://schemas.microsoft.com/developer/msbuild/2003">
  <ItemGroup>
    <ClCompile Include="D:\Edge AI Camera Monitor &amp; Motion Security Guard\build-csx\tests\csx_core_tests_autogen\mocs_compilation_Debug.cpp">
      <Filter>Source Files</Filter>
    </ClCompile>
    <ClCompile Include="D:\Edge AI Camera Monitor &amp; Motion Security Guard\tests\unit\core\ring_buffer_test.cpp">
      <Filter>Source Files</Filter>
    </ClCompile>
    <ClCompile Include="D:\Edge AI Camera Monitor &amp; Motion Security Guard\tests\unit\core\event_bus_test.cpp">
      <Filter>Source Files</Filter>
    </ClCompile>
    <ClCompile Include="D:\Edge AI Camera Monitor &amp; Motion Security Guard\tests\unit\core\config_service_test.cpp">
      <Filter>Source Files</Filter>
    </ClCompile>
    <ClCompile Include="D:\Edge AI Camera Monitor &amp; Motion Security Guard\tests\unit\core\thread_pool_test.cpp">
      <Filter>Source Files</Filter>
    </ClCompile>
    <ClCompile Include="D:\Edge AI Camera Monitor &amp; Motion Security Guard\tests\unit\core\stage_metrics_test.cpp">
      <Filter>Source Files</Filter>
    </ClCompile>
    <ClCompile Include="D:\Edge AI Camera Monitor &amp; Motion Security Guard\build-csx\tests\csx_core_tests_autogen\mocs_compilation_Release.cpp">
      <Filter>Source Files</Filter>
    </ClCompile>
    <ClCompile Include="D:\Edge AI Camera Monitor &amp; Motion Security Guard\build-csx\tests\csx_core_tests_autogen\mocs_compilation_MinSizeRel.cpp">
      <Filter>Source Files</Filter>
    </ClCompile>
    <ClCompile Include="D:\Edge AI Camera Monitor &amp; Motion Security Guard\build-csx\tests\csx_core_tests_autogen\mocs_compilation_RelWithDebInfo.cpp">
      <Filter>Source Files</Filter>
    </ClCompile>
  </ItemGroup>
  <ItemGroup>
    <CustomBuild Include="D:\Edge AI Camera Monitor &amp; Motion Security Guard\tests\CMakeLists.txt" />
  </ItemGroup>
  <ItemGroup>
    <Natvis Include="D:\Edge AI Camera Monitor &amp; Motion Security Guard\build-csx\_deps\nlohmann_json-src\nlohmann_json.natvis" />
  </ItemGroup>
  <ItemGroup>
    <None Include="D:\Edge AI Camera Monitor &amp; Motion Security Guard\build-csx\tests\csx_core_tests_autogen\timestamp" />
  </ItemGroup>
  <ItemGroup>
    <Filter Include="CMake Rules">
      <UniqueIdentifier>{4FD85D3B-B5DD-327B-98BE-E51E6F75E1A9}</UniqueIdentifier>
    </Filter>
    <Filter Include="Source Files">
      <UniqueIdentifier>{6D7D1166-6553-3555-AFCE-0976AFF4B8D9}</UniqueIdentifier>
    </Filter>
  </ItemGroup>
</Project>
