<?xml version="1.0" encoding="utf-8"?>
<Project ToolsVersion="16.0" xmlns="http://schemas.microsoft.com/developer/msbuild/2003">
  <ItemGroup>
    <ClCompile Include="D:\Edge AI Camera Monitor &amp; Motion Security Guard\src\recognition\ArcFaceEmbedder.cpp">
      <Filter>Source Files</Filter>
    </ClCompile>
    <ClCompile Include="D:\Edge AI Camera Monitor &amp; Motion Security Guard\src\recognition\EmbeddingCache.cpp">
      <Filter>Source Files</Filter>
    </ClCompile>
    <ClCompile Include="D:\Edge AI Camera Monitor &amp; Motion Security Guard\src\recognition\EmbeddingMath.cpp">
      <Filter>Source Files</Filter>
    </ClCompile>
    <ClCompile Include="D:\Edge AI Camera Monitor &amp; Motion Security Guard\src\recognition\FaceDatabase.cpp">
      <Filter>Source Files</Filter>
    </ClCompile>
    <ClCompile Include="D:\Edge AI Camera Monitor &amp; Motion Security Guard\src\recognition\FaceEnrollmentService.cpp">
      <Filter>Source Files</Filter>
    </ClCompile>
    <ClCompile Include="D:\Edge AI Camera Monitor &amp; Motion Security Guard\src\recognition\FaceLockTracker.cpp">
      <Filter>Source Files</Filter>
    </ClCompile>
    <ClCompile Include="D:\Edge AI Camera Monitor &amp; Motion Security Guard\src\recognition\FacePipeline.cpp">
      <Filter>Source Files</Filter>
    </ClCompile>
    <ClCompile Include="D:\Edge AI Camera Monitor &amp; Motion Security Guard\src\recognition\FriendOrFoeClassifier.cpp">
      <Filter>Source Files</Filter>
    </ClCompile>
    <ClCompile Include="D:\Edge AI Camera Monitor &amp; Motion Security Guard\src\recognition\YuNetDetector.cpp">
      <Filter>Source Files</Filter>
    </ClCompile>
  </ItemGroup>
  <ItemGroup>
    <ClInclude Include="D:\Edge AI Camera Monitor &amp; Motion Security Guard\src\recognition\ArcFaceEmbedder.hpp">
      <Filter>Header Files</Filter>
    </ClInclude>
    <ClInclude Include="D:\Edge AI Camera Monitor &amp; Motion Security Guard\src\recognition\EmbeddingCache.hpp">
      <Filter>Header Files</Filter>
    </ClInclude>
    <ClInclude Include="D:\Edge AI Camera Monitor &amp; Motion Security Guard\src\recognition\EmbeddingMath.hpp">
      <Filter>Header Files</Filter>
    </ClInclude>
    <ClInclude Include="D:\Edge AI Camera Monitor &amp; Motion Security Guard\src\recognition\FaceDatabase.hpp">
      <Filter>Header Files</Filter>
    </ClInclude>
    <ClInclude Include="D:\Edge AI Camera Monitor &amp; Motion Security Guard\src\recognition\FaceEnrollmentService.hpp">
      <Filter>Header Files</Filter>
    </ClInclude>
    <ClInclude Include="D:\Edge AI Camera Monitor &amp; Motion Security Guard\src\recognition\FaceLockTracker.hpp">
      <Filter>Header Files</Filter>
    </ClInclude>
    <ClInclude Include="D:\Edge AI Camera Monitor &amp; Motion Security Guard\src\recognition\FacePipeline.hpp">
      <Filter>Header Files</Filter>
    </ClInclude>
    <ClInclude Include="D:\Edge AI Camera Monitor &amp; Motion Security Guard\src\recognition\FriendOrFoeClassifier.hpp">
      <Filter>Header Files</Filter>
    </ClInclude>
    <ClInclude Include="D:\Edge AI Camera Monitor &amp; Motion Security Guard\src\recognition\RecognitionSettings.hpp">
      <Filter>Header Files</Filter>
    </ClInclude>
    <ClInclude Include="D:\Edge AI Camera Monitor &amp; Motion Security Guard\src\recognition\YuNetDetector.hpp">
      <Filter>Header Files</Filter>
    </ClInclude>
  </ItemGroup>
  <ItemGroup>
    <CustomBuild Include="D:\Edge AI Camera Monitor &amp; Motion Security Guard\CMakeLists.txt" />
  </ItemGroup>
  <ItemGroup>
    <Natvis Include="D:\Edge AI Camera Monitor &amp; Motion Security Guard\build-csx\_deps\nlohmann_json-src\nlohmann_json.natvis" />
  </ItemGroup>
  <ItemGroup>
    <Filter Include="Header Files">
      <UniqueIdentifier>{C2124458-564B-3939-B24B-02C36C174215}</UniqueIdentifier>
    </Filter>
    <Filter Include="Source Files">
      <UniqueIdentifier>{6D7D1166-6553-3555-AFCE-0976AFF4B8D9}</UniqueIdentifier>
    </Filter>
  </ItemGroup>
</Project>
