
Microsoft Visual Studio Solution File, Format Version 12.00
# Visual Studio Version 16
Project("{8BC9CEB8-8B4A-11D0-8D11-00A0C91BC942}") = "ALL_BUILD", "ALL_BUILD.vcxproj", "{E3988EA2-ABE0-3261-B3BE-DCB1E635795B}"
	ProjectSection(ProjectDependencies) = postProject
		{937CA92A-9C53-31FE-95E6-AD641266F8EC} = {937CA92A-9C53-31FE-95E6-AD641266F8EC}
		{D01A74D7-67E9-301A-8CD6-68B83D1FD70D} = {D01A74D7-67E9-301A-8CD6-68B83D1FD70D}
		{D76EABDF-5F73-3E3C-9848-DA3FAE840415} = {D76EABDF-5F73-3E3C-9848-DA3FAE840415}
		{5D020EF5-A38C-3FAE-9886-CF97BC2C8786} = {5D020EF5-A38C-3FAE-9886-CF97BC2C8786}
		{64CD9DCC-1801-381B-811C-536670C7263B} = {64CD9DCC-1801-381B-811C-536670C7263B}
		{5790E368-784A-3298-84C1-0B0A76AF7E0E} = {5790E368-784A-3298-84C1-0B0A76AF7E0E}
		{A033D94C-0D4A-31E4-B453-78B793CA2612} = {A033D94C-0D4A-31E4-B453-78B793CA2612}
		{E6E791C9-B2B8-3154-97C4-B9EEE799B8F0} = {E6E791C9-B2B8-3154-97C4-B9EEE799B8F0}
		{C26041CA-AC39-329C-A1E3-EFC374FB1DFA} = {C26041CA-AC39-329C-A1E3-EFC374FB1DFA}
		{7A435F5E-E96C-3592-B358-6D556B757E94} = {7A435F5E-E96C-3592-B358-6D556B757E94}
		{5BD84791-89C3-365F-94C5-330EDF70282F} = {5BD84791-89C3-365F-94C5-330EDF70282F}
		{FE9859FF-0379-3DC2-9A54-D5EAB7233B3D} = {FE9859FF-0379-3DC2-9A54-D5EAB7233B3D}
		{C02725E2-CF7F-38DA-9C11-0E4AE18E1F74} = {C02725E2-CF7F-38DA-9C11-0E4AE18E1F74}
		{824EB17E-7279-346B-A654-7383EC8C0DDB} = {824EB17E-7279-346B-A654-7383EC8C0DDB}
		{4956972A-25CD-3F31-902F-303A18E0A221} = {4956972A-25CD-3F31-902F-303A18E0A221}
		{2E417C5F-3123-3381-912E-9178F8A3B11D} = {2E417C5F-3123-3381-912E-9178F8A3B11D}
		{9D62A9BD-7C4E-3196-BD6E-43C630BC24D2} = {9D62A9BD-7C4E-3196-BD6E-43C630BC24D2}
		{13402020-BF3F-3BCF-9CD8-5E2CB4960BD3} = {13402020-BF3F-3BCF-9CD8-5E2CB4960BD3}
		{B95DB24B-6B74-3EBD-AA4E-E5276E7734B5} = {B95DB24B-6B74-3EBD-AA4E-E5276E7734B5}
		{08D7F6D6-5EB0-3E9F-8355-C0334137E409} = {08D7F6D6-5EB0-3E9F-8355-C0334137E409}
		{B3FA457A-B6C3-3327-B5AB-A92A02453647} = {B3FA457A-B6C3-3327-B5AB-A92A02453647}
		{EAE8DC65-7559-34CD-88D4-CDC5B9D8ED6A} = {EAE8DC65-7559-34CD-88D4-CDC5B9D8ED6A}
		{12782A60-D69E-3667-B09E-FD3C93DD6A44} = {12782A60-D69E-3667-B09E-FD3C93DD6A44}
		{E1CF9981-EFBA-3F77-AA98-ADB572D1DADE} = {E1CF9981-EFBA-3F77-AA98-ADB572D1DADE}
		{9963FE6A-29F7-38CA-9951-877A7787FACA} = {9963FE6A-29F7-38CA-9951-877A7787FACA}
		{E0B2D051-A655-3D64-9181-9CF412D125AC} = {E0B2D051-A655-3D64-9181-9CF412D125AC}
		{2CDB3B84-910D-3146-855D-270BAC153515} = {2CDB3B84-910D-3146-855D-270BAC153515}
		{18CE41BC-5294-3A10-A049-5E456EF6A622} = {18CE41BC-5294-3A10-A049-5E456EF6A622}
		{F41DC023-A42D-3611-836A-CD2103226603} = {F41DC023-A42D-3611-836A-CD2103226603}
		{B927E951-08FE-3D08-A4F6-7B7226D53071} = {B927E951-08FE-3D08-A4F6-7B7226D53071}
		{07FF629A-B255-379B-A08E-9DD82BAFC81D} = {07FF629A-B255-379B-A08E-9DD82BAFC81D}
		{99A23E47-08DF-359A-8DA6-CC12196F8BF5} = {99A23E47-08DF-359A-8DA6-CC12196F8BF5}
		{1C918F4A-FD90-3CE6-BA16-5927918FB17F} = {1C918F4A-FD90-3CE6-BA16-5927918FB17F}
		{90A70141-8463-339E-873D-D5EDABAC8AA7} = {90A70141-8463-339E-873D-D5EDABAC8AA7}
	EndProjectSection
EndProject
Project("{8BC9CEB8-8B4A-11D0-8D11-00A0C91BC942}") = "CyberSentinelX", "CyberSentinelX.vcxproj", "{937CA92A-9C53-31FE-95E6-AD641266F8EC}"
	ProjectSection(ProjectDependencies) = postProject
		{D01A74D7-67E9-301A-8CD6-68B83D1FD70D} = {D01A74D7-67E9-301A-8CD6-68B83D1FD70D}
		{D76EABDF-5F73-3E3C-9848-DA3FAE840415} = {D76EABDF-5F73-3E3C-9848-DA3FAE840415}
		{5D020EF5-A38C-3FAE-9886-CF97BC2C8786} = {5D020EF5-A38C-3FAE-9886-CF97BC2C8786}
		{5790E368-784A-3298-84C1-0B0A76AF7E0E} = {5790E368-784A-3298-84C1-0B0A76AF7E0E}
		{E6E791C9-B2B8-3154-97C4-B9EEE799B8F0} = {E6E791C9-B2B8-3154-97C4-B9EEE799B8F0}
		{7A435F5E-E96C-3592-B358-6D556B757E94} = {7A435F5E-E96C-3592-B358-6D556B757E94}
		{FE9859FF-0379-3DC2-9A54-D5EAB7233B3D} = {FE9859FF-0379-3DC2-9A54-D5EAB7233B3D}
		{824EB17E-7279-346B-A654-7383EC8C0DDB} = {824EB17E-7279-346B-A654-7383EC8C0DDB}
		{2E417C5F-3123-3381-912E-9178F8A3B11D} = {2E417C5F-3123-3381-912E-9178F8A3B11D}
		{9D62A9BD-7C4E-3196-BD6E-43C630BC24D2} = {9D62A9BD-7C4E-3196-BD6E-43C630BC24D2}
		{B95DB24B-6B74-3EBD-AA4E-E5276E7734B5} = {B95DB24B-6B74-3EBD-AA4E-E5276E7734B5}
		{B3FA457A-B6C3-3327-B5AB-A92A02453647} = {B3FA457A-B6C3-3327-B5AB-A92A02453647}
		{12782A60-D69E-3667-B09E-FD3C93DD6A44} = {12782A60-D69E-3667-B09E-FD3C93DD6A44}
		{9963FE6A-29F7-38CA-9951-877A7787FACA} = {9963FE6A-29F7-38CA-9951-877A7787FACA}
		{E0B2D051-A655-3D64-9181-9CF412D125AC} = {E0B2D051-A655-3D64-9181-9CF412D125AC}
		{18CE41BC-5294-3A10-A049-5E456EF6A622} = {18CE41BC-5294-3A10-A049-5E456EF6A622}
		{1C918F4A-FD90-3CE6-BA16-5927918FB17F} = {1C918F4A-FD90-3CE6-BA16-5927918FB17F}
		{90A70141-8463-339E-873D-D5EDABAC8AA7} = {90A70141-8463-339E-873D-D5EDABAC8AA7}
	EndProjectSection
EndProject
Project("{8BC9CEB8-8B4A-11D0-8D11-00A0C91BC942}") = "INSTALL", "INSTALL.vcxproj", "{05AE8F42-3A0E-3160-B525-97BC75DA70E3}"
	ProjectSection(ProjectDependencies) = postProject
		{E3988EA2-ABE0-3261-B3BE-DCB1E635795B} = {E3988EA2-ABE0-3261-B3BE-DCB1E635795B}
		{D01A74D7-67E9-301A-8CD6-68B83D1FD70D} = {D01A74D7-67E9-301A-8CD6-68B83D1FD70D}
	EndProjectSection
EndProject
Project("{8BC9CEB8-8B4A-11D0-8D11-00A0C91BC942}") = "RUN_TESTS", "RUN_TESTS.vcxproj", "{5093F0B3-39DC-3577-B4A0-3ACFF76E3095}"
	ProjectSection(ProjectDependencies) = postProject
		{D01A74D7-67E9-301A-8CD6-68B83D1FD70D} = {D01A74D7-67E9-301A-8CD6-68B83D1FD70D}
	EndProjectSection
EndProject
Project("{8BC9CEB8-8B4A-11D0-8D11-00A0C91BC942}") = "ZERO_CHECK", "ZERO_CHECK.vcxproj", "{D01A74D7-67E9-301A-8CD6-68B83D1FD70D}"
	ProjectSection(ProjectDependencies) = postProject
	EndProjectSection
EndProject
Project("{8BC9CEB8-8B4A-11D0-8D11-00A0C91BC942}") = "csx_alerts", "csx_alerts.vcxproj", "{D76EABDF-5F73-3E3C-9848-DA3FAE840415}"
	ProjectSection(ProjectDependencies) = postProject
		{D01A74D7-67E9-301A-8CD6-68B83D1FD70D} = {D01A74D7-67E9-301A-8CD6-68B83D1FD70D}
		{5D020EF5-A38C-3FAE-9886-CF97BC2C8786} = {5D020EF5-A38C-3FAE-9886-CF97BC2C8786}
		{5790E368-784A-3298-84C1-0B0A76AF7E0E} = {5790E368-784A-3298-84C1-0B0A76AF7E0E}
		{E6E791C9-B2B8-3154-97C4-B9EEE799B8F0} = {E6E791C9-B2B8-3154-97C4-B9EEE799B8F0}
		{7A435F5E-E96C-3592-B358-6D556B757E94} = {7A435F5E-E96C-3592-B358-6D556B757E94}
		{824EB17E-7279-346B-A654-7383EC8C0DDB} = {824EB17E-7279-346B-A654-7383EC8C0DDB}
		{9D62A9BD-7C4E-3196-BD6E-43C630BC24D2} = {9D62A9BD-7C4E-3196-BD6E-43C630BC24D2}
		{B3FA457A-B6C3-3327-B5AB-A92A02453647} = {B3FA457A-B6C3-3327-B5AB-A92A02453647}
		{12782A60-D69E-3667-B09E-FD3C93DD6A44} = {12782A60-D69E-3667-B09E-FD3C93DD6A44}
		{E0B2D051-A655-3D64-9181-9CF412D125AC} = {E0B2D051-A655-3D64-9181-9CF412D125AC}
		{18CE41BC-5294-3A10-A049-5E456EF6A622} = {18CE41BC-5294-3A10-A049-5E456EF6A622}
		{1C918F4A-FD90-3CE6-BA16-5927918FB17F} = {1C918F4A-FD90-3CE6-BA16-5927918FB17F}
		{90A70141-8463-339E-873D-D5EDABAC8AA7} = {90A70141-8463-339E-873D-D5EDABAC8AA7}
	EndProjectSection
EndProject
Project("{8BC9CEB8-8B4A-11D0-8D11-00A0C91BC942}") = "csx_behavior", "csx_behavior.vcxproj", "{5D020EF5-A38C-3FAE-9886-CF97BC2C8786}"
	ProjectSection(ProjectDependencies) = postProject
		{D01A74D7-67E9-301A-8CD6-68B83D1FD70D} = {D01A74D7-67E9-301A-8CD6-68B83D1FD70D}
		{5790E368-784A-3298-84C1-0B0A76AF7E0E} = {5790E368-784A-3298-84C1-0B0A76AF7E0E}
		{E6E791C9-B2B8-3154-97C4-B9EEE799B8F0} = {E6E791C9-B2B8-3154-97C4-B9EEE799B8F0}
		{824EB17E-7279-346B-A654-7383EC8C0DDB} = {824EB17E-7279-346B-A654-7383EC8C0DDB}
		{12782A60-D69E-3667-B09E-FD3C93DD6A44} = {12782A60-D69E-3667-B09E-FD3C93DD6A44}
		{E0B2D051-A655-3D64-9181-9CF412D125AC} = {E0B2D051-A655-3D64-9181-9CF412D125AC}
		{1C918F4A-FD90-3CE6-BA16-5927918FB17F} = {1C918F4A-FD90-3CE6-BA16-5927918FB17F}
	EndProjectSection
EndProject
Project("{8BC9CEB8-8B4A-11D0-8D11-00A0C91BC942}") = "csx_behavior_tests", "tests\csx_behavior_tests.vcxproj", "{64CD9DCC-1801-381B-811C-536670C7263B}"
	ProjectSection(ProjectDependencies) = postProject
		{D01A74D7-67E9-301A-8CD6-68B83D1FD70D} = {D01A74D7-67E9-301A-8CD6-68B83D1FD70D}
		{5D020EF5-A38C-3FAE-9886-CF97BC2C8786} = {5D020EF5-A38C-3FAE-9886-CF97BC2C8786}
		{025488DC-E9F3-31F8-9576-211A27084678} = {025488DC-E9F3-31F8-9576-211A27084678}
		{53051960-964E-3470-A41F-AC4852D9014B} = {53051960-964E-3470-A41F-AC4852D9014B}
		{5790E368-784A-3298-84C1-0B0A76AF7E0E} = {5790E368-784A-3298-84C1-0B0A76AF7E0E}
		{E6E791C9-B2B8-3154-97C4-B9EEE799B8F0} = {E6E791C9-B2B8-3154-97C4-B9EEE799B8F0}
		{824EB17E-7279-346B-A654-7383EC8C0DDB} = {824EB17E-7279-346B-A654-7383EC8C0DDB}
		{12782A60-D69E-3667-B09E-FD3C93DD6A44} = {12782A60-D69E-3667-B09E-FD3C93DD6A44}
		{E0B2D051-A655-3D64-9181-9CF412D125AC} = {E0B2D051-A655-3D64-9181-9CF412D125AC}
		{07FF629A-B255-379B-A08E-9DD82BAFC81D} = {07FF629A-B255-379B-A08E-9DD82BAFC81D}
		{99A23E47-08DF-359A-8DA6-CC12196F8BF5} = {99A23E47-08DF-359A-8DA6-CC12196F8BF5}
		{1C918F4A-FD90-3CE6-BA16-5927918FB17F} = {1C918F4A-FD90-3CE6-BA16-5927918FB17F}
	EndProjectSection
EndProject
Project("{8BC9CEB8-8B4A-11D0-8D11-00A0C91BC942}") = "csx_behavior_tests_autogen", "tests\csx_behavior_tests_autogen.vcxproj", "{025488DC-E9F3-31F8-9576-211A27084678}"
	ProjectSection(ProjectDependencies) = postProject
		{D01A74D7-67E9-301A-8CD6-68B83D1FD70D} = {D01A74D7-67E9-301A-8CD6-68B83D1FD70D}
		{53051960-964E-3470-A41F-AC4852D9014B} = {53051960-964E-3470-A41F-AC4852D9014B}
	EndProjectSection
EndProject
Project("{8BC9CEB8-8B4A-11D0-8D11-00A0C91BC942}") = "csx_behavior_tests_autogen_timestamp_deps", "tests\csx_behavior_tests_autogen_timestamp_deps.vcxproj", "{53051960-964E-3470-A41F-AC4852D9014B}"
	ProjectSection(ProjectDependencies) = postProject
		{D01A74D7-67E9-301A-8CD6-68B83D1FD70D} = {D01A74D7-67E9-301A-8CD6-68B83D1FD70D}
		{5D020EF5-A38C-3FAE-9886-CF97BC2C8786} = {5D020EF5-A38C-3FAE-9886-CF97BC2C8786}
		{E6E791C9-B2B8-3154-97C4-B9EEE799B8F0} = {E6E791C9-B2B8-3154-97C4-B9EEE799B8F0}
		{07FF629A-B255-379B-A08E-9DD82BAFC81D} = {07FF629A-B255-379B-A08E-9DD82BAFC81D}
		{99A23E47-08DF-359A-8DA6-CC12196F8BF5} = {99A23E47-08DF-359A-8DA6-CC12196F8BF5}
	EndProjectSection
EndProject
Project("{8BC9CEB8-8B4A-11D0-8D11-00A0C91BC942}") = "csx_camera", "csx_camera.vcxproj", "{5790E368-784A-3298-84C1-0B0A76AF7E0E}"
	ProjectSection(ProjectDependencies) = postProject
		{D01A74D7-67E9-301A-8CD6-68B83D1FD70D} = {D01A74D7-67E9-301A-8CD6-68B83D1FD70D}
		{E6E791C9-B2B8-3154-97C4-B9EEE799B8F0} = {E6E791C9-B2B8-3154-97C4-B9EEE799B8F0}
		{E0B2D051-A655-3D64-9181-9CF412D125AC} = {E0B2D051-A655-3D64-9181-9CF412D125AC}
		{1C918F4A-FD90-3CE6-BA16-5927918FB17F} = {1C918F4A-FD90-3CE6-BA16-5927918FB17F}
	EndProjectSection
EndProject
Project("{8BC9CEB8-8B4A-11D0-8D11-00A0C91BC942}") = "csx_camera_tests", "tests\csx_camera_tests.vcxproj", "{A033D94C-0D4A-31E4-B453-78B793CA2612}"
	ProjectSection(ProjectDependencies) = postProject
		{D01A74D7-67E9-301A-8CD6-68B83D1FD70D} = {D01A74D7-67E9-301A-8CD6-68B83D1FD70D}
		{5790E368-784A-3298-84C1-0B0A76AF7E0E} = {5790E368-784A-3298-84C1-0B0A76AF7E0E}
		{B6C0186B-8060-3F8C-99F5-FBCF42F0556C} = {B6C0186B-8060-3F8C-99F5-FBCF42F0556C}
		{F1790981-3572-3C5C-A04C-C878D764BF71} = {F1790981-3572-3C5C-A04C-C878D764BF71}
		{E6E791C9-B2B8-3154-97C4-B9EEE799B8F0} = {E6E791C9-B2B8-3154-97C4-B9EEE799B8F0}
		{E0B2D051-A655-3D64-9181-9CF412D125AC} = {E0B2D051-A655-3D64-9181-9CF412D125AC}
		{07FF629A-B255-379B-A08E-9DD82BAFC81D} = {07FF629A-B255-379B-A08E-9DD82BAFC81D}
		{99A23E47-08DF-359A-8DA6-CC12196F8BF5} = {99A23E47-08DF-359A-8DA6-CC12196F8BF5}
		{1C918F4A-FD90-3CE6-BA16-5927918FB17F} = {1C918F4A-FD90-3CE6-BA16-5927918FB17F}
	EndProjectSection
EndProject
Project("{8BC9CEB8-8B4A-11D0-8D11-00A0C91BC942}") = "csx_camera_tests_autogen", "tests\csx_camera_tests_autogen.vcxproj", "{B6C0186B-8060-3F8C-99F5-FBCF42F0556C}"
	ProjectSection(ProjectDependencies) = postProject
		{D01A74D7-67E9-301A-8CD6-68B83D1FD70D} = {D01A74D7-67E9-301A-8CD6-68B83D1FD70D}
		{F1790981-3572-3C5C-A04C-C878D764BF71} = {F1790981-3572-3C5C-A04C-C878D764BF71}
	EndProjectSection
EndProject
Project("{8BC9CEB8-8B4A-11D0-8D11-00A0C91BC942}") = "csx_camera_tests_autogen_timestamp_deps", "tests\csx_camera_tests_autogen_timestamp_deps.vcxproj", "{F1790981-3572-3C5C-A04C-C878D764BF71}"
	ProjectSection(ProjectDependencies) = postProject
		{D01A74D7-67E9-301A-8CD6-68B83D1FD70D} = {D01A74D7-67E9-301A-8CD6-68B83D1FD70D}
		{5790E368-784A-3298-84C1-0B0A76AF7E0E} = {5790E368-784A-3298-84C1-0B0A76AF7E0E}
		{E6E791C9-B2B8-3154-97C4-B9EEE799B8F0} = {E6E791C9-B2B8-3154-97C4-B9EEE799B8F0}
		{07FF629A-B255-379B-A08E-9DD82BAFC81D} = {07FF629A-B255-379B-A08E-9DD82BAFC81D}
		{99A23E47-08DF-359A-8DA6-CC12196F8BF5} = {99A23E47-08DF-359A-8DA6-CC12196F8BF5}
	EndProjectSection
EndProject
Project("{8BC9CEB8-8B4A-11D0-8D11-00A0C91BC942}") = "csx_core", "csx_core.vcxproj", "{E6E791C9-B2B8-3154-97C4-B9EEE799B8F0}"
	ProjectSection(ProjectDependencies) = postProject
		{D01A74D7-67E9-301A-8CD6-68B83D1FD70D} = {D01A74D7-67E9-301A-8CD6-68B83D1FD70D}
		{1C918F4A-FD90-3CE6-BA16-5927918FB17F} = {1C918F4A-FD90-3CE6-BA16-5927918FB17F}
	EndProjectSection
EndProject
Project("{8BC9CEB8-8B4A-11D0-8D11-00A0C91BC942}") = "csx_core_tests", "tests\csx_core_tests.vcxproj", "{C26041CA-AC39-329C-A1E3-EFC374FB1DFA}"
	ProjectSection(ProjectDependencies) = postProject
		{D01A74D7-67E9-301A-8CD6-68B83D1FD70D} = {D01A74D7-67E9-301A-8CD6-68B83D1FD70D}
		{E6E791C9-B2B8-3154-97C4-B9EEE799B8F0} = {E6E791C9-B2B8-3154-97C4-B9EEE799B8F0}
		{60064241-2741-30B9-A675-80CA78404BF8} = {60064241-2741-30B9-A675-80CA78404BF8}
		{95566D85-8980-3659-AE85-83EF50DF652A} = {95566D85-8980-3659-AE85-83EF50DF652A}
		{07FF629A-B255-379B-A08E-9DD82BAFC81D} = {07FF629A-B255-379B-A08E-9DD82BAFC81D}
		{99A23E47-08DF-359A-8DA6-CC12196F8BF5} = {99A23E47-08DF-359A-8DA6-CC12196F8BF5}
		{1C918F4A-FD90-3CE6-BA16-5927918FB17F} = {1C918F4A-FD90-3CE6-BA16-5927918FB17F}
	EndProjectSection
EndProject
Project("{8BC9CEB8-8B4A-11D0-8D11-00A0C91BC942}") = "csx_core_tests_autogen", "tests\csx_core_tests_autogen.vcxproj", "{60064241-2741-30B9-A675-80CA78404BF8}"
	ProjectSection(ProjectDependencies) = postProject
		{D01A74D7-67E9-301A-8CD6-68B83D1FD70D} = {D01A74D7-67E9-301A-8CD6-68B83D1FD70D}
		{95566D85-8980-3659-AE85-83EF50DF652A} = {95566D85-8980-3659-AE85-83EF50DF652A}
	EndProjectSection
EndProject
Project("{8BC9CEB8-8B4A-11D0-8D11-00A0C91BC942}") = "csx_core_tests_autogen_timestamp_deps", "tests\csx_core_tests_autogen_timestamp_deps.vcxproj", "{95566D85-8980-3659-AE85-83EF50DF652A}"
	ProjectSection(ProjectDependencies) = postProject
		{D01A74D7-67E9-301A-8CD6-68B83D1FD70D} = {D01A74D7-67E9-301A-8CD6-68B83D1FD70D}
		{E6E791C9-B2B8-3154-97C4-B9EEE799B8F0} = {E6E791C9-B2B8-3154-97C4-B9EEE799B8F0}
		{07FF629A-B255-379B-A08E-9DD82BAFC81D} = {07FF629A-B255-379B-A08E-9DD82BAFC81D}
		{99A23E47-08DF-359A-8DA6-CC12196F8BF5} = {99A23E47-08DF-359A-8DA6-CC12196F8BF5}
	EndProjectSection
EndProject
Project("{8BC9CEB8-8B4A-11D0-8D11-00A0C91BC942}") = "csx_database", "csx_database.vcxproj", "{7A435F5E-E96C-3592-B358-6D556B757E94}"
	ProjectSection(ProjectDependencies) = postProject
		{D01A74D7-67E9-301A-8CD6-68B83D1FD70D} = {D01A74D7-67E9-301A-8CD6-68B83D1FD70D}
		{E6E791C9-B2B8-3154-97C4-B9EEE799B8F0} = {E6E791C9-B2B8-3154-97C4-B9EEE799B8F0}
		{E0B2D051-A655-3D64-9181-9CF412D125AC} = {E0B2D051-A655-3D64-9181-9CF412D125AC}
		{1C918F4A-FD90-3CE6-BA16-5927918FB17F} = {1C918F4A-FD90-3CE6-BA16-5927918FB17F}
		{90A70141-8463-339E-873D-D5EDABAC8AA7} = {90A70141-8463-339E-873D-D5EDABAC8AA7}
	EndProjectSection
EndProject
Project("{8BC9CEB8-8B4A-11D0-8D11-00A0C91BC942}") = "csx_database_tests", "tests\csx_database_tests.vcxproj", "{5BD84791-89C3-365F-94C5-330EDF70282F}"
	ProjectSection(ProjectDependencies) = postProject
		{D01A74D7-67E9-301A-8CD6-68B83D1FD70D} = {D01A74D7-67E9-301A-8CD6-68B83D1FD70D}
		{E6E791C9-B2B8-3154-97C4-B9EEE799B8F0} = {E6E791C9-B2B8-3154-97C4-B9EEE799B8F0}
		{7A435F5E-E96C-3592-B358-6D556B757E94} = {7A435F5E-E96C-3592-B358-6D556B757E94}
		{C95D8FE5-DC70-3BED-9008-031EED8A3845} = {C95D8FE5-DC70-3BED-9008-031EED8A3845}
		{0B32ACD6-9D6F-3BF0-958E-97AAE0D3E188} = {0B32ACD6-9D6F-3BF0-958E-97AAE0D3E188}
		{E0B2D051-A655-3D64-9181-9CF412D125AC} = {E0B2D051-A655-3D64-9181-9CF412D125AC}
		{07FF629A-B255-379B-A08E-9DD82BAFC81D} = {07FF629A-B255-379B-A08E-9DD82BAFC81D}
		{99A23E47-08DF-359A-8DA6-CC12196F8BF5} = {99A23E47-08DF-359A-8DA6-CC12196F8BF5}
		{1C918F4A-FD90-3CE6-BA16-5927918FB17F} = {1C918F4A-FD90-3CE6-BA16-5927918FB17F}
		{90A70141-8463-339E-873D-D5EDABAC8AA7} = {90A70141-8463-339E-873D-D5EDABAC8AA7}
	EndProjectSection
EndProject
Project("{8BC9CEB8-8B4A-11D0-8D11-00A0C91BC942}") = "csx_database_tests_autogen", "tests\csx_database_tests_autogen.vcxproj", "{C95D8FE5-DC70-3BED-9008-031EED8A3845}"
	ProjectSection(ProjectDependencies) = postProject
		{D01A74D7-67E9-301A-8CD6-68B83D1FD70D} = {D01A74D7-67E9-301A-8CD6-68B83D1FD70D}
		{0B32ACD6-9D6F-3BF0-958E-97AAE0D3E188} = {0B32ACD6-9D6F-3BF0-958E-97AAE0D3E188}
	EndProjectSection
EndProject
Project("{8BC9CEB8-8B4A-11D0-8D11-00A0C91BC942}") = "csx_database_tests_autogen_timestamp_deps", "tests\csx_database_tests_autogen_timestamp_deps.vcxproj", "{0B32ACD6-9D6F-3BF0-958E-97AAE0D3E188}"
	ProjectSection(ProjectDependencies) = postProject
		{D01A74D7-67E9-301A-8CD6-68B83D1FD70D} = {D01A74D7-67E9-301A-8CD6-68B83D1FD70D}
		{E6E791C9-B2B8-3154-97C4-B9EEE799B8F0} = {E6E791C9-B2B8-3154-97C4-B9EEE799B8F0}
		{7A435F5E-E96C-3592-B358-6D556B757E94} = {7A435F5E-E96C-3592-B358-6D556B757E94}
		{07FF629A-B255-379B-A08E-9DD82BAFC81D} = {07FF629A-B255-379B-A08E-9DD82BAFC81D}
		{99A23E47-08DF-359A-8DA6-CC12196F8BF5} = {99A23E47-08DF-359A-8DA6-CC12196F8BF5}
	EndProjectSection
EndProject
Project("{8BC9CEB8-8B4A-11D0-8D11-00A0C91BC942}") = "csx_hud", "csx_hud.vcxproj", "{FE9859FF-0379-3DC2-9A54-D5EAB7233B3D}"
	ProjectSection(ProjectDependencies) = postProject
		{D01A74D7-67E9-301A-8CD6-68B83D1FD70D} = {D01A74D7-67E9-301A-8CD6-68B83D1FD70D}
		{5D020EF5-A38C-3FAE-9886-CF97BC2C8786} = {5D020EF5-A38C-3FAE-9886-CF97BC2C8786}
		{5790E368-784A-3298-84C1-0B0A76AF7E0E} = {5790E368-784A-3298-84C1-0B0A76AF7E0E}
		{E6E791C9-B2B8-3154-97C4-B9EEE799B8F0} = {E6E791C9-B2B8-3154-97C4-B9EEE799B8F0}
		{7A435F5E-E96C-3592-B358-6D556B757E94} = {7A435F5E-E96C-3592-B358-6D556B757E94}
		{824EB17E-7279-346B-A654-7383EC8C0DDB} = {824EB17E-7279-346B-A654-7383EC8C0DDB}
		{9D62A9BD-7C4E-3196-BD6E-43C630BC24D2} = {9D62A9BD-7C4E-3196-BD6E-43C630BC24D2}
		{B3FA457A-B6C3-3327-B5AB-A92A02453647} = {B3FA457A-B6C3-3327-B5AB-A92A02453647}
		{12782A60-D69E-3667-B09E-FD3C93DD6A44} = {12782A60-D69E-3667-B09E-FD3C93DD6A44}
		{E0B2D051-A655-3D64-9181-9CF412D125AC} = {E0B2D051-A655-3D64-9181-9CF412D125AC}
		{1C918F4A-FD90-3CE6-BA16-5927918FB17F} = {1C918F4A-FD90-3CE6-BA16-5927918FB17F}
		{90A70141-8463-339E-873D-D5EDABAC8AA7} = {90A70141-8463-339E-873D-D5EDABAC8AA7}
	EndProjectSection
EndProject
Project("{8BC9CEB8-8B4A-11D0-8D11-00A0C91BC942}") = "csx_hud_tests", "tests\csx_hud_tests.vcxproj", "{C02725E2-CF7F-38DA-9C11-0E4AE18E1F74}"
	ProjectSection(ProjectDependencies) = postProject
		{D01A74D7-67E9-301A-8CD6-68B83D1FD70D} = {D01A74D7-67E9-301A-8CD6-68B83D1FD70D}
		{5D020EF5-A38C-3FAE-9886-CF97BC2C8786} = {5D020EF5-A38C-3FAE-9886-CF97BC2C8786}
		{5790E368-784A-3298-84C1-0B0A76AF7E0E} = {5790E368-784A-3298-84C1-0B0A76AF7E0E}
		{E6E791C9-B2B8-3154-97C4-B9EEE799B8F0} = {E6E791C9-B2B8-3154-97C4-B9EEE799B8F0}
		{7A435F5E-E96C-3592-B358-6D556B757E94} = {7A435F5E-E96C-3592-B358-6D556B757E94}
		{FE9859FF-0379-3DC2-9A54-D5EAB7233B3D} = {FE9859FF-0379-3DC2-9A54-D5EAB7233B3D}
		{71405CFA-1652-33CA-98EB-9CA1A4EEF2DD} = {71405CFA-1652-33CA-98EB-9CA1A4EEF2DD}
		{1BDA9049-52FC-3C4D-A979-9623347668BE} = {1BDA9049-52FC-3C4D-A979-9623347668BE}
		{824EB17E-7279-346B-A654-7383EC8C0DDB} = {824EB17E-7279-346B-A654-7383EC8C0DDB}
		{9D62A9BD-7C4E-3196-BD6E-43C630BC24D2} = {9D62A9BD-7C4E-3196-BD6E-43C630BC24D2}
		{B3FA457A-B6C3-3327-B5AB-A92A02453647} = {B3FA457A-B6C3-3327-B5AB-A92A02453647}
		{12782A60-D69E-3667-B09E-FD3C93DD6A44} = {12782A60-D69E-3667-B09E-FD3C93DD6A44}
		{E0B2D051-A655-3D64-9181-9CF412D125AC} = {E0B2D051-A655-3D64-9181-9CF412D125AC}
		{07FF629A-B255-379B-A08E-9DD82BAFC81D} = {07FF629A-B255-379B-A08E-9DD82BAFC81D}
		{99A23E47-08DF-359A-8DA6-CC12196F8BF5} = {99A23E47-08DF-359A-8DA6-CC12196F8BF5}
		{1C918F4A-FD90-3CE6-BA16-5927918FB17F} = {1C918F4A-FD90-3CE6-BA16-5927918FB17F}
		{90A70141-8463-339E-873D-D5EDABAC8AA7} = {90A70141-8463-339E-873D-D5EDABAC8AA7}
	EndProjectSection
EndProject
Project("{8BC9CEB8-8B4A-11D0-8D11-00A0C91BC942}") = "csx_hud_tests_autogen", "tests\csx_hud_tests_autogen.vcxproj", "{71405CFA-1652-33CA-98EB-9CA1A4EEF2DD}"
	ProjectSection(ProjectDependencies) = postProject
		{D01A74D7-67E9-301A-8CD6-68B83D1FD70D} = {D01A74D7-67E9-301A-8CD6-68B83D1FD70D}
		{1BDA9049-52FC-3C4D-A979-9623347668BE} = {1BDA9049-52FC-3C4D-A979-9623347668BE}
	EndProjectSection
EndProject
Project("{8BC9CEB8-8B4A-11D0-8D11-00A0C91BC942}") = "csx_hud_tests_autogen_timestamp_deps", "tests\csx_hud_tests_autogen_timestamp_deps.vcxproj", "{1BDA9049-52FC-3C4D-A979-9623347668BE}"
	ProjectSection(ProjectDependencies) = postProject
		{D01A74D7-67E9-301A-8CD6-68B83D1FD70D} = {D01A74D7-67E9-301A-8CD6-68B83D1FD70D}
		{E6E791C9-B2B8-3154-97C4-B9EEE799B8F0} = {E6E791C9-B2B8-3154-97C4-B9EEE799B8F0}
		{FE9859FF-0379-3DC2-9A54-D5EAB7233B3D} = {FE9859FF-0379-3DC2-9A54-D5EAB7233B3D}
		{B3FA457A-B6C3-3327-B5AB-A92A02453647} = {B3FA457A-B6C3-3327-B5AB-A92A02453647}
		{12782A60-D69E-3667-B09E-FD3C93DD6A44} = {12782A60-D69E-3667-B09E-FD3C93DD6A44}
		{07FF629A-B255-379B-A08E-9DD82BAFC81D} = {07FF629A-B255-379B-A08E-9DD82BAFC81D}
		{99A23E47-08DF-359A-8DA6-CC12196F8BF5} = {99A23E47-08DF-359A-8DA6-CC12196F8BF5}
	EndProjectSection
EndProject
Project("{8BC9CEB8-8B4A-11D0-8D11-00A0C91BC942}") = "csx_motion", "csx_motion.vcxproj", "{824EB17E-7279-346B-A654-7383EC8C0DDB}"
	ProjectSection(ProjectDependencies) = postProject
		{D01A74D7-67E9-301A-8CD6-68B83D1FD70D} = {D01A74D7-67E9-301A-8CD6-68B83D1FD70D}
		{5790E368-784A-3298-84C1-0B0A76AF7E0E} = {5790E368-784A-3298-84C1-0B0A76AF7E0E}
		{E6E791C9-B2B8-3154-97C4-B9EEE799B8F0} = {E6E791C9-B2B8-3154-97C4-B9EEE799B8F0}
		{E0B2D051-A655-3D64-9181-9CF412D125AC} = {E0B2D051-A655-3D64-9181-9CF412D125AC}
		{1C918F4A-FD90-3CE6-BA16-5927918FB17F} = {1C918F4A-FD90-3CE6-BA16-5927918FB17F}
	EndProjectSection
EndProject
Project("{8BC9CEB8-8B4A-11D0-8D11-00A0C91BC942}") = "csx_motion_tests", "tests\csx_motion_tests.vcxproj", "{4956972A-25CD-3F31-902F-303A18E0A221}"
	ProjectSection(ProjectDependencies) = postProject
		{D01A74D7-67E9-301A-8CD6-68B83D1FD70D} = {D01A74D7-67E9-301A-8CD6-68B83D1FD70D}
		{5790E368-784A-3298-84C1-0B0A76AF7E0E} = {5790E368-784A-3298-84C1-0B0A76AF7E0E}
		{E6E791C9-B2B8-3154-97C4-B9EEE799B8F0} = {E6E791C9-B2B8-3154-97C4-B9EEE799B8F0}
		{824EB17E-7279-346B-A654-7383EC8C0DDB} = {824EB17E-7279-346B-A654-7383EC8C0DDB}
		{59F7356E-DEB5-321E-8CBB-185B8A09A83D} = {59F7356E-DEB5-321E-8CBB-185B8A09A83D}
		{44D7A87F-64EF-3048-88B0-1E556940F4C1} = {44D7A87F-64EF-3048-88B0-1E556940F4C1}
		{E0B2D051-A655-3D64-9181-9CF412D125AC} = {E0B2D051-A655-3D64-9181-9CF412D125AC}
		{07FF629A-B255-379B-A08E-9DD82BAFC81D} = {07FF629A-B255-379B-A08E-9DD82BAFC81D}
		{99A23E47-08DF-359A-8DA6-CC12196F8BF5} = {99A23E47-08DF-359A-8DA6-CC12196F8BF5}
		{1C918F4A-FD90-3CE6-BA16-5927918FB17F} = {1C918F4A-FD90-3CE6-BA16-5927918FB17F}
	EndProjectSection
EndProject
Project("{8BC9CEB8-8B4A-11D0-8D11-00A0C91BC942}") = "csx_motion_tests_autogen", "tests\csx_motion_tests_autogen.vcxproj", "{59F7356E-DEB5-321E-8CBB-185B8A09A83D}"
	ProjectSection(ProjectDependencies) = postProject
		{D01A74D7-67E9-301A-8CD6-68B83D1FD70D} = {D01A74D7-67E9-301A-8CD6-68B83D1FD70D}
		{44D7A87F-64EF-3048-88B0-1E556940F4C1} = {44D7A87F-64EF-3048-88B0-1E556940F4C1}
	EndProjectSection
EndProject
Project("{8BC9CEB8-8B4A-11D0-8D11-00A0C91BC942}") = "csx_motion_tests_autogen_timestamp_deps", "tests\csx_motion_tests_autogen_timestamp_deps.vcxproj", "{44D7A87F-64EF-3048-88B0-1E556940F4C1}"
	ProjectSection(ProjectDependencies) = postProject
		{D01A74D7-67E9-301A-8CD6-68B83D1FD70D} = {D01A74D7-67E9-301A-8CD6-68B83D1FD70D}
		{E6E791C9-B2B8-3154-97C4-B9EEE799B8F0} = {E6E791C9-B2B8-3154-97C4-B9EEE799B8F0}
		{824EB17E-7279-346B-A654-7383EC8C0DDB} = {824EB17E-7279-346B-A654-7383EC8C0DDB}
		{07FF629A-B255-379B-A08E-9DD82BAFC81D} = {07FF629A-B255-379B-A08E-9DD82BAFC81D}
		{99A23E47-08DF-359A-8DA6-CC12196F8BF5} = {99A23E47-08DF-359A-8DA6-CC12196F8BF5}
	EndProjectSection
EndProject
Project("{8BC9CEB8-8B4A-11D0-8D11-00A0C91BC942}") = "csx_radar", "csx_radar.vcxproj", "{2E417C5F-3123-3381-912E-9178F8A3B11D}"
	ProjectSection(ProjectDependencies) = postProject
		{D01A74D7-67E9-301A-8CD6-68B83D1FD70D} = {D01A74D7-67E9-301A-8CD6-68B83D1FD70D}
		{5D020EF5-A38C-3FAE-9886-CF97BC2C8786} = {5D020EF5-A38C-3FAE-9886-CF97BC2C8786}
		{5790E368-784A-3298-84C1-0B0A76AF7E0E} = {5790E368-784A-3298-84C1-0B0A76AF7E0E}
		{E6E791C9-B2B8-3154-97C4-B9EEE799B8F0} = {E6E791C9-B2B8-3154-97C4-B9EEE799B8F0}
		{7A435F5E-E96C-3592-B358-6D556B757E94} = {7A435F5E-E96C-3592-B358-6D556B757E94}
		{824EB17E-7279-346B-A654-7383EC8C0DDB} = {824EB17E-7279-346B-A654-7383EC8C0DDB}
		{9D62A9BD-7C4E-3196-BD6E-43C630BC24D2} = {9D62A9BD-7C4E-3196-BD6E-43C630BC24D2}
		{B3FA457A-B6C3-3327-B5AB-A92A02453647} = {B3FA457A-B6C3-3327-B5AB-A92A02453647}
		{12782A60-D69E-3667-B09E-FD3C93DD6A44} = {12782A60-D69E-3667-B09E-FD3C93DD6A44}
		{E0B2D051-A655-3D64-9181-9CF412D125AC} = {E0B2D051-A655-3D64-9181-9CF412D125AC}
		{1C918F4A-FD90-3CE6-BA16-5927918FB17F} = {1C918F4A-FD90-3CE6-BA16-5927918FB17F}
		{90A70141-8463-339E-873D-D5EDABAC8AA7} = {90A70141-8463-339E-873D-D5EDABAC8AA7}
	EndProjectSection
EndProject
Project("{8BC9CEB8-8B4A-11D0-8D11-00A0C91BC942}") = "csx_recognition", "csx_recognition.vcxproj", "{9D62A9BD-7C4E-3196-BD6E-43C630BC24D2}"
	ProjectSection(ProjectDependencies) = postProject
		{D01A74D7-67E9-301A-8CD6-68B83D1FD70D} = {D01A74D7-67E9-301A-8CD6-68B83D1FD70D}
		{E6E791C9-B2B8-3154-97C4-B9EEE799B8F0} = {E6E791C9-B2B8-3154-97C4-B9EEE799B8F0}
		{7A435F5E-E96C-3592-B358-6D556B757E94} = {7A435F5E-E96C-3592-B358-6D556B757E94}
		{E0B2D051-A655-3D64-9181-9CF412D125AC} = {E0B2D051-A655-3D64-9181-9CF412D125AC}
		{1C918F4A-FD90-3CE6-BA16-5927918FB17F} = {1C918F4A-FD90-3CE6-BA16-5927918FB17F}
		{90A70141-8463-339E-873D-D5EDABAC8AA7} = {90A70141-8463-339E-873D-D5EDABAC8AA7}
	EndProjectSection
EndProject
Project("{8BC9CEB8-8B4A-11D0-8D11-00A0C91BC942}") = "csx_recognition_tests", "tests\csx_recognition_tests.vcxproj", "{13402020-BF3F-3BCF-9CD8-5E2CB4960BD3}"
	ProjectSection(ProjectDependencies) = postProject
		{D01A74D7-67E9-301A-8CD6-68B83D1FD70D} = {D01A74D7-67E9-301A-8CD6-68B83D1FD70D}
		{5790E368-784A-3298-84C1-0B0A76AF7E0E} = {5790E368-784A-3298-84C1-0B0A76AF7E0E}
		{E6E791C9-B2B8-3154-97C4-B9EEE799B8F0} = {E6E791C9-B2B8-3154-97C4-B9EEE799B8F0}
		{7A435F5E-E96C-3592-B358-6D556B757E94} = {7A435F5E-E96C-3592-B358-6D556B757E94}
		{9D62A9BD-7C4E-3196-BD6E-43C630BC24D2} = {9D62A9BD-7C4E-3196-BD6E-43C630BC24D2}
		{096DDA86-669E-3126-B5B9-DEFA8632DDCC} = {096DDA86-669E-3126-B5B9-DEFA8632DDCC}
		{D0A644A3-5477-3AFA-B724-696BE0D36225} = {D0A644A3-5477-3AFA-B724-696BE0D36225}
		{E0B2D051-A655-3D64-9181-9CF412D125AC} = {E0B2D051-A655-3D64-9181-9CF412D125AC}
		{07FF629A-B255-379B-A08E-9DD82BAFC81D} = {07FF629A-B255-379B-A08E-9DD82BAFC81D}
		{99A23E47-08DF-359A-8DA6-CC12196F8BF5} = {99A23E47-08DF-359A-8DA6-CC12196F8BF5}
		{1C918F4A-FD90-3CE6-BA16-5927918FB17F} = {1C918F4A-FD90-3CE6-BA16-5927918FB17F}
		{90A70141-8463-339E-873D-D5EDABAC8AA7} = {90A70141-8463-339E-873D-D5EDABAC8AA7}
	EndProjectSection
EndProject
Project("{8BC9CEB8-8B4A-11D0-8D11-00A0C91BC942}") = "csx_recognition_tests_autogen", "tests\csx_recognition_tests_autogen.vcxproj", "{096DDA86-669E-3126-B5B9-DEFA8632DDCC}"
	ProjectSection(ProjectDependencies) = postProject
		{D01A74D7-67E9-301A-8CD6-68B83D1FD70D} = {D01A74D7-67E9-301A-8CD6-68B83D1FD70D}
		{D0A644A3-5477-3AFA-B724-696BE0D36225} = {D0A644A3-5477-3AFA-B724-696BE0D36225}
	EndProjectSection
EndProject
Project("{8BC9CEB8-8B4A-11D0-8D11-00A0C91BC942}") = "csx_recognition_tests_autogen_timestamp_deps", "tests\csx_recognition_tests_autogen_timestamp_deps.vcxproj", "{D0A644A3-5477-3AFA-B724-696BE0D36225}"
	ProjectSection(ProjectDependencies) = postProject
		{D01A74D7-67E9-301A-8CD6-68B83D1FD70D} = {D01A74D7-67E9-301A-8CD6-68B83D1FD70D}
		{5790E368-784A-3298-84C1-0B0A76AF7E0E} = {5790E368-784A-3298-84C1-0B0A76AF7E0E}
		{E6E791C9-B2B8-3154-97C4-B9EEE799B8F0} = {E6E791C9-B2B8-3154-97C4-B9EEE799B8F0}
		{9D62A9BD-7C4E-3196-BD6E-43C630BC24D2} = {9D62A9BD-7C4E-3196-BD6E-43C630BC24D2}
		{07FF629A-B255-379B-A08E-9DD82BAFC81D} = {07FF629A-B255-379B-A08E-9DD82BAFC81D}
		{99A23E47-08DF-359A-8DA6-CC12196F8BF5} = {99A23E47-08DF-359A-8DA6-CC12196F8BF5}
	EndProjectSection
EndProject
Project("{8BC9CEB8-8B4A-11D0-8D11-00A0C91BC942}") = "csx_recording", "csx_recording.vcxproj", "{B95DB24B-6B74-3EBD-AA4E-E5276E7734B5}"
	ProjectSection(ProjectDependencies) = postProject
		{D01A74D7-67E9-301A-8CD6-68B83D1FD70D} = {D01A74D7-67E9-301A-8CD6-68B83D1FD70D}
		{5790E368-784A-3298-84C1-0B0A76AF7E0E} = {5790E368-784A-3298-84C1-0B0A76AF7E0E}
		{E6E791C9-B2B8-3154-97C4-B9EEE799B8F0} = {E6E791C9-B2B8-3154-97C4-B9EEE799B8F0}
		{7A435F5E-E96C-3592-B358-6D556B757E94} = {7A435F5E-E96C-3592-B358-6D556B757E94}
		{E0B2D051-A655-3D64-9181-9CF412D125AC} = {E0B2D051-A655-3D64-9181-9CF412D125AC}
		{1C918F4A-FD90-3CE6-BA16-5927918FB17F} = {1C918F4A-FD90-3CE6-BA16-5927918FB17F}
		{90A70141-8463-339E-873D-D5EDABAC8AA7} = {90A70141-8463-339E-873D-D5EDABAC8AA7}
	EndProjectSection
EndProject
Project("{8BC9CEB8-8B4A-11D0-8D11-00A0C91BC942}") = "csx_recording_tests", "tests\csx_recording_tests.vcxproj", "{08D7F6D6-5EB0-3E9F-8355-C0334137E409}"
	ProjectSection(ProjectDependencies) = postProject
		{D01A74D7-67E9-301A-8CD6-68B83D1FD70D} = {D01A74D7-67E9-301A-8CD6-68B83D1FD70D}
		{5790E368-784A-3298-84C1-0B0A76AF7E0E} = {5790E368-784A-3298-84C1-0B0A76AF7E0E}
		{E6E791C9-B2B8-3154-97C4-B9EEE799B8F0} = {E6E791C9-B2B8-3154-97C4-B9EEE799B8F0}
		{7A435F5E-E96C-3592-B358-6D556B757E94} = {7A435F5E-E96C-3592-B358-6D556B757E94}
		{B95DB24B-6B74-3EBD-AA4E-E5276E7734B5} = {B95DB24B-6B74-3EBD-AA4E-E5276E7734B5}
		{5CA579ED-BED8-34D9-BF50-972CECCD4889} = {5CA579ED-BED8-34D9-BF50-972CECCD4889}
		{D17EB193-84DC-3EFA-BD34-A71B4F0F7751} = {D17EB193-84DC-3EFA-BD34-A71B4F0F7751}
		{E0B2D051-A655-3D64-9181-9CF412D125AC} = {E0B2D051-A655-3D64-9181-9CF412D125AC}
		{07FF629A-B255-379B-A08E-9DD82BAFC81D} = {07FF629A-B255-379B-A08E-9DD82BAFC81D}
		{99A23E47-08DF-359A-8DA6-CC12196F8BF5} = {99A23E47-08DF-359A-8DA6-CC12196F8BF5}
		{1C918F4A-FD90-3CE6-BA16-5927918FB17F} = {1C918F4A-FD90-3CE6-BA16-5927918FB17F}
		{90A70141-8463-339E-873D-D5EDABAC8AA7} = {90A70141-8463-339E-873D-D5EDABAC8AA7}
	EndProjectSection
EndProject
Project("{8BC9CEB8-8B4A-11D0-8D11-00A0C91BC942}") = "csx_recording_tests_autogen", "tests\csx_recording_tests_autogen.vcxproj", "{5CA579ED-BED8-34D9-BF50-972CECCD4889}"
	ProjectSection(ProjectDependencies) = postProject
		{D01A74D7-67E9-301A-8CD6-68B83D1FD70D} = {D01A74D7-67E9-301A-8CD6-68B83D1FD70D}
		{D17EB193-84DC-3EFA-BD34-A71B4F0F7751} = {D17EB193-84DC-3EFA-BD34-A71B4F0F7751}
	EndProjectSection
EndProject
Project("{8BC9CEB8-8B4A-11D0-8D11-00A0C91BC942}") = "csx_recording_tests_autogen_timestamp_deps", "tests\csx_recording_tests_autogen_timestamp_deps.vcxproj", "{D17EB193-84DC-3EFA-BD34-A71B4F0F7751}"
	ProjectSection(ProjectDependencies) = postProject
		{D01A74D7-67E9-301A-8CD6-68B83D1FD70D} = {D01A74D7-67E9-301A-8CD6-68B83D1FD70D}
		{E6E791C9-B2B8-3154-97C4-B9EEE799B8F0} = {E6E791C9-B2B8-3154-97C4-B9EEE799B8F0}
		{B95DB24B-6B74-3EBD-AA4E-E5276E7734B5} = {B95DB24B-6B74-3EBD-AA4E-E5276E7734B5}
		{07FF629A-B255-379B-A08E-9DD82BAFC81D} = {07FF629A-B255-379B-A08E-9DD82BAFC81D}
		{99A23E47-08DF-359A-8DA6-CC12196F8BF5} = {99A23E47-08DF-359A-8DA6-CC12196F8BF5}
	EndProjectSection
EndProject
Project("{8BC9CEB8-8B4A-11D0-8D11-00A0C91BC942}") = "csx_threat", "csx_threat.vcxproj", "{B3FA457A-B6C3-3327-B5AB-A92A02453647}"
	ProjectSection(ProjectDependencies) = postProject
		{D01A74D7-67E9-301A-8CD6-68B83D1FD70D} = {D01A74D7-67E9-301A-8CD6-68B83D1FD70D}
		{5D020EF5-A38C-3FAE-9886-CF97BC2C8786} = {5D020EF5-A38C-3FAE-9886-CF97BC2C8786}
		{5790E368-784A-3298-84C1-0B0A76AF7E0E} = {5790E368-784A-3298-84C1-0B0A76AF7E0E}
		{E6E791C9-B2B8-3154-97C4-B9EEE799B8F0} = {E6E791C9-B2B8-3154-97C4-B9EEE799B8F0}
		{7A435F5E-E96C-3592-B358-6D556B757E94} = {7A435F5E-E96C-3592-B358-6D556B757E94}
		{824EB17E-7279-346B-A654-7383EC8C0DDB} = {824EB17E-7279-346B-A654-7383EC8C0DDB}
		{9D62A9BD-7C4E-3196-BD6E-43C630BC24D2} = {9D62A9BD-7C4E-3196-BD6E-43C630BC24D2}
		{12782A60-D69E-3667-B09E-FD3C93DD6A44} = {12782A60-D69E-3667-B09E-FD3C93DD6A44}
		{E0B2D051-A655-3D64-9181-9CF412D125AC} = {E0B2D051-A655-3D64-9181-9CF412D125AC}
		{1C918F4A-FD90-3CE6-BA16-5927918FB17F} = {1C918F4A-FD90-3CE6-BA16-5927918FB17F}
		{90A70141-8463-339E-873D-D5EDABAC8AA7} = {90A70141-8463-339E-873D-D5EDABAC8AA7}
	EndProjectSection
EndProject
Project("{8BC9CEB8-8B4A-11D0-8D11-00A0C91BC942}") = "csx_threat_tests", "tests\csx_threat_tests.vcxproj", "{EAE8DC65-7559-34CD-88D4-CDC5B9D8ED6A}"
	ProjectSection(ProjectDependencies) = postProject
		{D01A74D7-67E9-301A-8CD6-68B83D1FD70D} = {D01A74D7-67E9-301A-8CD6-68B83D1FD70D}
		{5D020EF5-A38C-3FAE-9886-CF97BC2C8786} = {5D020EF5-A38C-3FAE-9886-CF97BC2C8786}
		{5790E368-784A-3298-84C1-0B0A76AF7E0E} = {5790E368-784A-3298-84C1-0B0A76AF7E0E}
		{E6E791C9-B2B8-3154-97C4-B9EEE799B8F0} = {E6E791C9-B2B8-3154-97C4-B9EEE799B8F0}
		{7A435F5E-E96C-3592-B358-6D556B757E94} = {7A435F5E-E96C-3592-B358-6D556B757E94}
		{824EB17E-7279-346B-A654-7383EC8C0DDB} = {824EB17E-7279-346B-A654-7383EC8C0DDB}
		{9D62A9BD-7C4E-3196-BD6E-43C630BC24D2} = {9D62A9BD-7C4E-3196-BD6E-43C630BC24D2}
		{B3FA457A-B6C3-3327-B5AB-A92A02453647} = {B3FA457A-B6C3-3327-B5AB-A92A02453647}
		{8BBAFABE-DE1D-3E23-830F-AC648178D1EE} = {8BBAFABE-DE1D-3E23-830F-AC648178D1EE}
		{CD0DD904-D9E2-3E73-A8AF-F8D4452D143C} = {CD0DD904-D9E2-3E73-A8AF-F8D4452D143C}
		{12782A60-D69E-3667-B09E-FD3C93DD6A44} = {12782A60-D69E-3667-B09E-FD3C93DD6A44}
		{E0B2D051-A655-3D64-9181-9CF412D125AC} = {E0B2D051-A655-3D64-9181-9CF412D125AC}
		{07FF629A-B255-379B-A08E-9DD82BAFC81D} = {07FF629A-B255-379B-A08E-9DD82BAFC81D}
		{99A23E47-08DF-359A-8DA6-CC12196F8BF5} = {99A23E47-08DF-359A-8DA6-CC12196F8BF5}
		{1C918F4A-FD90-3CE6-BA16-5927918FB17F} = {1C918F4A-FD90-3CE6-BA16-5927918FB17F}
		{90A70141-8463-339E-873D-D5EDABAC8AA7} = {90A70141-8463-339E-873D-D5EDABAC8AA7}
	EndProjectSection
EndProject
Project("{8BC9CEB8-8B4A-11D0-8D11-00A0C91BC942}") = "csx_threat_tests_autogen", "tests\csx_threat_tests_autogen.vcxproj", "{8BBAFABE-DE1D-3E23-830F-AC648178D1EE}"
	ProjectSection(ProjectDependencies) = postProject
		{D01A74D7-67E9-301A-8CD6-68B83D1FD70D} = {D01A74D7-67E9-301A-8CD6-68B83D1FD70D}
		{CD0DD904-D9E2-3E73-A8AF-F8D4452D143C} = {CD0DD904-D9E2-3E73-A8AF-F8D4452D143C}
	EndProjectSection
EndProject
Project("{8BC9CEB8-8B4A-11D0-8D11-00A0C91BC942}") = "csx_threat_tests_autogen_timestamp_deps", "tests\csx_threat_tests_autogen_timestamp_deps.vcxproj", "{CD0DD904-D9E2-3E73-A8AF-F8D4452D143C}"
	ProjectSection(ProjectDependencies) = postProject
		{D01A74D7-67E9-301A-8CD6-68B83D1FD70D} = {D01A74D7-67E9-301A-8CD6-68B83D1FD70D}
		{E6E791C9-B2B8-3154-97C4-B9EEE799B8F0} = {E6E791C9-B2B8-3154-97C4-B9EEE799B8F0}
		{B3FA457A-B6C3-3327-B5AB-A92A02453647} = {B3FA457A-B6C3-3327-B5AB-A92A02453647}
		{07FF629A-B255-379B-A08E-9DD82BAFC81D} = {07FF629A-B255-379B-A08E-9DD82BAFC81D}
		{99A23E47-08DF-359A-8DA6-CC12196F8BF5} = {99A23E47-08DF-359A-8DA6-CC12196F8BF5}
	EndProjectSection
EndProject
Project("{8BC9CEB8-8B4A-11D0-8D11-00A0C91BC942}") = "csx_tracking", "csx_tracking.vcxproj", "{12782A60-D69E-3667-B09E-FD3C93DD6A44}"
	ProjectSection(ProjectDependencies) = postProject
		{D01A74D7-67E9-301A-8CD6-68B83D1FD70D} = {D01A74D7-67E9-301A-8CD6-68B83D1FD70D}
		{5790E368-784A-3298-84C1-0B0A76AF7E0E} = {5790E368-784A-3298-84C1-0B0A76AF7E0E}
		{E6E791C9-B2B8-3154-97C4-B9EEE799B8F0} = {E6E791C9-B2B8-3154-97C4-B9EEE799B8F0}
		{824EB17E-7279-346B-A654-7383EC8C0DDB} = {824EB17E-7279-346B-A654-7383EC8C0DDB}
		{E0B2D051-A655-3D64-9181-9CF412D125AC} = {E0B2D051-A655-3D64-9181-9CF412D125AC}
		{1C918F4A-FD90-3CE6-BA16-5927918FB17F} = {1C918F4A-FD90-3CE6-BA16-5927918FB17F}
	EndProjectSection
EndProject
Project("{8BC9CEB8-8B4A-11D0-8D11-00A0C91BC942}") = "csx_tracking_tests", "tests\csx_tracking_tests.vcxproj", "{E1CF9981-EFBA-3F77-AA98-ADB572D1DADE}"
	ProjectSection(ProjectDependencies) = postProject
		{D01A74D7-67E9-301A-8CD6-68B83D1FD70D} = {D01A74D7-67E9-301A-8CD6-68B83D1FD70D}
		{5790E368-784A-3298-84C1-0B0A76AF7E0E} = {5790E368-784A-3298-84C1-0B0A76AF7E0E}
		{E6E791C9-B2B8-3154-97C4-B9EEE799B8F0} = {E6E791C9-B2B8-3154-97C4-B9EEE799B8F0}
		{824EB17E-7279-346B-A654-7383EC8C0DDB} = {824EB17E-7279-346B-A654-7383EC8C0DDB}
		{12782A60-D69E-3667-B09E-FD3C93DD6A44} = {12782A60-D69E-3667-B09E-FD3C93DD6A44}
		{479E0D6B-31A6-3375-AC0E-46BF5F389AAC} = {479E0D6B-31A6-3375-AC0E-46BF5F389AAC}
		{3BF6B59F-E560-3E9D-9BB7-242369049300} = {3BF6B59F-E560-3E9D-9BB7-242369049300}
		{E0B2D051-A655-3D64-9181-9CF412D125AC} = {E0B2D051-A655-3D64-9181-9CF412D125AC}
		{07FF629A-B255-379B-A08E-9DD82BAFC81D} = {07FF629A-B255-379B-A08E-9DD82BAFC81D}
		{99A23E47-08DF-359A-8DA6-CC12196F8BF5} = {99A23E47-08DF-359A-8DA6-CC12196F8BF5}
		{1C918F4A-FD90-3CE6-BA16-5927918FB17F} = {1C918F4A-FD90-3CE6-BA16-5927918FB17F}
	EndProjectSection
EndProject
Project("{8BC9CEB8-8B4A-11D0-8D11-00A0C91BC942}") = "csx_tracking_tests_autogen", "tests\csx_tracking_tests_autogen.vcxproj", "{479E0D6B-31A6-3375-AC0E-46BF5F389AAC}"
	ProjectSection(ProjectDependencies) = postProject
		{D01A74D7-67E9-301A-8CD6-68B83D1FD70D} = {D01A74D7-67E9-301A-8CD6-68B83D1FD70D}
		{3BF6B59F-E560-3E9D-9BB7-242369049300} = {3BF6B59F-E560-3E9D-9BB7-242369049300}
	EndProjectSection
EndProject
Project("{8BC9CEB8-8B4A-11D0-8D11-00A0C91BC942}") = "csx_tracking_tests_autogen_timestamp_deps", "tests\csx_tracking_tests_autogen_timestamp_deps.vcxproj", "{3BF6B59F-E560-3E9D-9BB7-242369049300}"
	ProjectSection(ProjectDependencies) = postProject
		{D01A74D7-67E9-301A-8CD6-68B83D1FD70D} = {D01A74D7-67E9-301A-8CD6-68B83D1FD70D}
		{E6E791C9-B2B8-3154-97C4-B9EEE799B8F0} = {E6E791C9-B2B8-3154-97C4-B9EEE799B8F0}
		{12782A60-D69E-3667-B09E-FD3C93DD6A44} = {12782A60-D69E-3667-B09E-FD3C93DD6A44}
		{07FF629A-B255-379B-A08E-9DD82BAFC81D} = {07FF629A-B255-379B-A08E-9DD82BAFC81D}
		{99A23E47-08DF-359A-8DA6-CC12196F8BF5} = {99A23E47-08DF-359A-8DA6-CC12196F8BF5}
	EndProjectSection
EndProject
Project("{8BC9CEB8-8B4A-11D0-8D11-00A0C91BC942}") = "csx_ui", "csx_ui.vcxproj", "{9963FE6A-29F7-38CA-9951-877A7787FACA}"
	ProjectSection(ProjectDependencies) = postProject
		{D01A74D7-67E9-301A-8CD6-68B83D1FD70D} = {D01A74D7-67E9-301A-8CD6-68B83D1FD70D}
		{5D020EF5-A38C-3FAE-9886-CF97BC2C8786} = {5D020EF5-A38C-3FAE-9886-CF97BC2C8786}
		{5790E368-784A-3298-84C1-0B0A76AF7E0E} = {5790E368-784A-3298-84C1-0B0A76AF7E0E}
		{E6E791C9-B2B8-3154-97C4-B9EEE799B8F0} = {E6E791C9-B2B8-3154-97C4-B9EEE799B8F0}
		{7A435F5E-E96C-3592-B358-6D556B757E94} = {7A435F5E-E96C-3592-B358-6D556B757E94}
		{FE9859FF-0379-3DC2-9A54-D5EAB7233B3D} = {FE9859FF-0379-3DC2-9A54-D5EAB7233B3D}
		{824EB17E-7279-346B-A654-7383EC8C0DDB} = {824EB17E-7279-346B-A654-7383EC8C0DDB}
		{2E417C5F-3123-3381-912E-9178F8A3B11D} = {2E417C5F-3123-3381-912E-9178F8A3B11D}
		{9D62A9BD-7C4E-3196-BD6E-43C630BC24D2} = {9D62A9BD-7C4E-3196-BD6E-43C630BC24D2}
		{B3FA457A-B6C3-3327-B5AB-A92A02453647} = {B3FA457A-B6C3-3327-B5AB-A92A02453647}
		{12782A60-D69E-3667-B09E-FD3C93DD6A44} = {12782A60-D69E-3667-B09E-FD3C93DD6A44}
		{BF8FA6BF-740F-3221-AD66-1DCAC962F90F} = {BF8FA6BF-740F-3221-AD66-1DCAC962F90F}
		{0C6B1C5C-267F-329F-BA27-61CBB7BEDDBA} = {0C6B1C5C-267F-329F-BA27-61CBB7BEDDBA}
		{E0B2D051-A655-3D64-9181-9CF412D125AC} = {E0B2D051-A655-3D64-9181-9CF412D125AC}
		{1C918F4A-FD90-3CE6-BA16-5927918FB17F} = {1C918F4A-FD90-3CE6-BA16-5927918FB17F}
		{90A70141-8463-339E-873D-D5EDABAC8AA7} = {90A70141-8463-339E-873D-D5EDABAC8AA7}
	EndProjectSection
EndProject
Project("{8BC9CEB8-8B4A-11D0-8D11-00A0C91BC942}") = "csx_ui_autogen", "csx_ui_autogen.vcxproj", "{BF8FA6BF-740F-3221-AD66-1DCAC962F90F}"
	ProjectSection(ProjectDependencies) = postProject
		{D01A74D7-67E9-301A-8CD6-68B83D1FD70D} = {D01A74D7-67E9-301A-8CD6-68B83D1FD70D}
		{0C6B1C5C-267F-329F-BA27-61CBB7BEDDBA} = {0C6B1C5C-267F-329F-BA27-61CBB7BEDDBA}
	EndProjectSection
EndProject
Project("{8BC9CEB8-8B4A-11D0-8D11-00A0C91BC942}") = "csx_ui_autogen_timestamp_deps", "csx_ui_autogen_timestamp_deps.vcxproj", "{0C6B1C5C-267F-329F-BA27-61CBB7BEDDBA}"
	ProjectSection(ProjectDependencies) = postProject
		{D01A74D7-67E9-301A-8CD6-68B83D1FD70D} = {D01A74D7-67E9-301A-8CD6-68B83D1FD70D}
		{5790E368-784A-3298-84C1-0B0A76AF7E0E} = {5790E368-784A-3298-84C1-0B0A76AF7E0E}
		{E6E791C9-B2B8-3154-97C4-B9EEE799B8F0} = {E6E791C9-B2B8-3154-97C4-B9EEE799B8F0}
		{7A435F5E-E96C-3592-B358-6D556B757E94} = {7A435F5E-E96C-3592-B358-6D556B757E94}
		{FE9859FF-0379-3DC2-9A54-D5EAB7233B3D} = {FE9859FF-0379-3DC2-9A54-D5EAB7233B3D}
		{2E417C5F-3123-3381-912E-9178F8A3B11D} = {2E417C5F-3123-3381-912E-9178F8A3B11D}
		{9D62A9BD-7C4E-3196-BD6E-43C630BC24D2} = {9D62A9BD-7C4E-3196-BD6E-43C630BC24D2}
		{B3FA457A-B6C3-3327-B5AB-A92A02453647} = {B3FA457A-B6C3-3327-B5AB-A92A02453647}
		{12782A60-D69E-3667-B09E-FD3C93DD6A44} = {12782A60-D69E-3667-B09E-FD3C93DD6A44}
	EndProjectSection
EndProject
Project("{8BC9CEB8-8B4A-11D0-8D11-00A0C91BC942}") = "csx_utils", "csx_utils.vcxproj", "{E0B2D051-A655-3D64-9181-9CF412D125AC}"
	ProjectSection(ProjectDependencies) = postProject
		{D01A74D7-67E9-301A-8CD6-68B83D1FD70D} = {D01A74D7-67E9-301A-8CD6-68B83D1FD70D}
		{E6E791C9-B2B8-3154-97C4-B9EEE799B8F0} = {E6E791C9-B2B8-3154-97C4-B9EEE799B8F0}
		{1C918F4A-FD90-3CE6-BA16-5927918FB17F} = {1C918F4A-FD90-3CE6-BA16-5927918FB17F}
	EndProjectSection
EndProject
Project("{8BC9CEB8-8B4A-11D0-8D11-00A0C91BC942}") = "csx_utils_tests", "tests\csx_utils_tests.vcxproj", "{2CDB3B84-910D-3146-855D-270BAC153515}"
	ProjectSection(ProjectDependencies) = postProject
		{D01A74D7-67E9-301A-8CD6-68B83D1FD70D} = {D01A74D7-67E9-301A-8CD6-68B83D1FD70D}
		{E6E791C9-B2B8-3154-97C4-B9EEE799B8F0} = {E6E791C9-B2B8-3154-97C4-B9EEE799B8F0}
		{E0B2D051-A655-3D64-9181-9CF412D125AC} = {E0B2D051-A655-3D64-9181-9CF412D125AC}
		{E44EA4EB-1470-32A7-883A-97788EB3788D} = {E44EA4EB-1470-32A7-883A-97788EB3788D}
		{58125B4B-80E0-3C35-9097-40F948BD2FFD} = {58125B4B-80E0-3C35-9097-40F948BD2FFD}
		{07FF629A-B255-379B-A08E-9DD82BAFC81D} = {07FF629A-B255-379B-A08E-9DD82BAFC81D}
		{99A23E47-08DF-359A-8DA6-CC12196F8BF5} = {99A23E47-08DF-359A-8DA6-CC12196F8BF5}
		{1C918F4A-FD90-3CE6-BA16-5927918FB17F} = {1C918F4A-FD90-3CE6-BA16-5927918FB17F}
	EndProjectSection
EndProject
Project("{8BC9CEB8-8B4A-11D0-8D11-00A0C91BC942}") = "csx_utils_tests_autogen", "tests\csx_utils_tests_autogen.vcxproj", "{E44EA4EB-1470-32A7-883A-97788EB3788D}"
	ProjectSection(ProjectDependencies) = postProject
		{D01A74D7-67E9-301A-8CD6-68B83D1FD70D} = {D01A74D7-67E9-301A-8CD6-68B83D1FD70D}
		{58125B4B-80E0-3C35-9097-40F948BD2FFD} = {58125B4B-80E0-3C35-9097-40F948BD2FFD}
	EndProjectSection
EndProject
Project("{8BC9CEB8-8B4A-11D0-8D11-00A0C91BC942}") = "csx_utils_tests_autogen_timestamp_deps", "tests\csx_utils_tests_autogen_timestamp_deps.vcxproj", "{58125B4B-80E0-3C35-9097-40F948BD2FFD}"
	ProjectSection(ProjectDependencies) = postProject
		{D01A74D7-67E9-301A-8CD6-68B83D1FD70D} = {D01A74D7-67E9-301A-8CD6-68B83D1FD70D}
		{E6E791C9-B2B8-3154-97C4-B9EEE799B8F0} = {E6E791C9-B2B8-3154-97C4-B9EEE799B8F0}
		{E0B2D051-A655-3D64-9181-9CF412D125AC} = {E0B2D051-A655-3D64-9181-9CF412D125AC}
		{07FF629A-B255-379B-A08E-9DD82BAFC81D} = {07FF629A-B255-379B-A08E-9DD82BAFC81D}
		{99A23E47-08DF-359A-8DA6-CC12196F8BF5} = {99A23E47-08DF-359A-8DA6-CC12196F8BF5}
	EndProjectSection
EndProject
Project("{8BC9CEB8-8B4A-11D0-8D11-00A0C91BC942}") = "csx_voice", "csx_voice.vcxproj", "{18CE41BC-5294-3A10-A049-5E456EF6A622}"
	ProjectSection(ProjectDependencies) = postProject
		{D01A74D7-67E9-301A-8CD6-68B83D1FD70D} = {D01A74D7-67E9-301A-8CD6-68B83D1FD70D}
		{E6E791C9-B2B8-3154-97C4-B9EEE799B8F0} = {E6E791C9-B2B8-3154-97C4-B9EEE799B8F0}
		{1C918F4A-FD90-3CE6-BA16-5927918FB17F} = {1C918F4A-FD90-3CE6-BA16-5927918FB17F}
	EndProjectSection
EndProject
Project("{8BC9CEB8-8B4A-11D0-8D11-00A0C91BC942}") = "gmock", "_deps\googletest-build\googlemock\gmock.vcxproj", "{F41DC023-A42D-3611-836A-CD2103226603}"
	ProjectSection(ProjectDependencies) = postProject
		{D01A74D7-67E9-301A-8CD6-68B83D1FD70D} = {D01A74D7-67E9-301A-8CD6-68B83D1FD70D}
	EndProjectSection
EndProject
Project("{8BC9CEB8-8B4A-11D0-8D11-00A0C91BC942}") = "gmock_main", "_deps\googletest-build\googlemock\gmock_main.vcxproj", "{B927E951-08FE-3D08-A4F6-7B7226D53071}"
	ProjectSection(ProjectDependencies) = postProject
		{D01A74D7-67E9-301A-8CD6-68B83D1FD70D} = {D01A74D7-67E9-301A-8CD6-68B83D1FD70D}
	EndProjectSection
EndProject
Project("{8BC9CEB8-8B4A-11D0-8D11-00A0C91BC942}") = "gtest", "_deps\googletest-build\googletest\gtest.vcxproj", "{07FF629A-B255-379B-A08E-9DD82BAFC81D}"
	ProjectSection(ProjectDependencies) = postProject
		{D01A74D7-67E9-301A-8CD6-68B83D1FD70D} = {D01A74D7-67E9-301A-8CD6-68B83D1FD70D}
	EndProjectSection
EndProject
Project("{8BC9CEB8-8B4A-11D0-8D11-00A0C91BC942}") = "gtest_main", "_deps\googletest-build\googletest\gtest_main.vcxproj", "{99A23E47-08DF-359A-8DA6-CC12196F8BF5}"
	ProjectSection(ProjectDependencies) = postProject
		{D01A74D7-67E9-301A-8CD6-68B83D1FD70D} = {D01A74D7-67E9-301A-8CD6-68B83D1FD70D}
		{07FF629A-B255-379B-A08E-9DD82BAFC81D} = {07FF629A-B255-379B-A08E-9DD82BAFC81D}
	EndProjectSection
EndProject
Project("{8BC9CEB8-8B4A-11D0-8D11-00A0C91BC942}") = "spdlog", "_deps\spdlog-build\spdlog.vcxproj", "{1C918F4A-FD90-3CE6-BA16-5927918FB17F}"
	ProjectSection(ProjectDependencies) = postProject
		{D01A74D7-67E9-301A-8CD6-68B83D1FD70D} = {D01A74D7-67E9-301A-8CD6-68B83D1FD70D}
	EndProjectSection
EndProject
Project("{8BC9CEB8-8B4A-11D0-8D11-00A0C91BC942}") = "sqlite3", "sqlite3.vcxproj", "{90A70141-8463-339E-873D-D5EDABAC8AA7}"
	ProjectSection(ProjectDependencies) = postProject
		{D01A74D7-67E9-301A-8CD6-68B83D1FD70D} = {D01A74D7-67E9-301A-8CD6-68B83D1FD70D}
	EndProjectSection
EndProject
Global
	GlobalSection(SolutionConfigurationPlatforms) = preSolution
		Debug|x64 = Debug|x64
		Release|x64 = Release|x64
		MinSizeRel|x64 = MinSizeRel|x64
		RelWithDebInfo|x64 = RelWithDebInfo|x64
	EndGlobalSection
	GlobalSection(ProjectConfigurationPlatforms) = postSolution
		{E3988EA2-ABE0-3261-B3BE-DCB1E635795B}.Debug|x64.ActiveCfg = Debug|x64
		{E3988EA2-ABE0-3261-B3BE-DCB1E635795B}.Debug|x64.Build.0 = Debug|x64
		{E3988EA2-ABE0-3261-B3BE-DCB1E635795B}.Release|x64.ActiveCfg = Release|x64
		{E3988EA2-ABE0-3261-B3BE-DCB1E635795B}.Release|x64.Build.0 = Release|x64
		{E3988EA2-ABE0-3261-B3BE-DCB1E635795B}.MinSizeRel|x64.ActiveCfg = MinSizeRel|x64
		{E3988EA2-ABE0-3261-B3BE-DCB1E635795B}.MinSizeRel|x64.Build.0 = MinSizeRel|x64
		{E3988EA2-ABE0-3261-B3BE-DCB1E635795B}.RelWithDebInfo|x64.ActiveCfg = RelWithDebInfo|x64
		{E3988EA2-ABE0-3261-B3BE-DCB1E635795B}.RelWithDebInfo|x64.Build.0 = RelWithDebInfo|x64
		{937CA92A-9C53-31FE-95E6-AD641266F8EC}.Debug|x64.ActiveCfg = Debug|x64
		{937CA92A-9C53-31FE-95E6-AD641266F8EC}.Debug|x64.Build.0 = Debug|x64
		{937CA92A-9C53-31FE-95E6-AD641266F8EC}.Release|x64.ActiveCfg = Release|x64
		{937CA92A-9C53-31FE-95E6-AD641266F8EC}.Release|x64.Build.0 = Release|x64
		{937CA92A-9C53-31FE-95E6-AD641266F8EC}.MinSizeRel|x64.ActiveCfg = MinSizeRel|x64
		{937CA92A-9C53-31FE-95E6-AD641266F8EC}.MinSizeRel|x64.Build.0 = MinSizeRel|x64
		{937CA92A-9C53-31FE-95E6-AD641266F8EC}.RelWithDebInfo|x64.ActiveCfg = RelWithDebInfo|x64
		{937CA92A-9C53-31FE-95E6-AD641266F8EC}.RelWithDebInfo|x64.Build.0 = RelWithDebInfo|x64
		{05AE8F42-3A0E-3160-B525-97BC75DA70E3}.Debug|x64.ActiveCfg = Debug|x64
		{05AE8F42-3A0E-3160-B525-97BC75DA70E3}.Release|x64.ActiveCfg = Release|x64
		{05AE8F42-3A0E-3160-B525-97BC75DA70E3}.MinSizeRel|x64.ActiveCfg = MinSizeRel|x64
		{05AE8F42-3A0E-3160-B525-97BC75DA70E3}.RelWithDebInfo|x64.ActiveCfg = RelWithDebInfo|x64
		{5093F0B3-39DC-3577-B4A0-3ACFF76E3095}.Debug|x64.ActiveCfg = Debug|x64
		{5093F0B3-39DC-3577-B4A0-3ACFF76E3095}.Release|x64.ActiveCfg = Release|x64
		{5093F0B3-39DC-3577-B4A0-3ACFF76E3095}.MinSizeRel|x64.ActiveCfg = MinSizeRel|x64
		{5093F0B3-39DC-3577-B4A0-3ACFF76E3095}.RelWithDebInfo|x64.ActiveCfg = RelWithDebInfo|x64
		{D01A74D7-67E9-301A-8CD6-68B83D1FD70D}.Debug|x64.ActiveCfg = Debug|x64
		{D01A74D7-67E9-301A-8CD6-68B83D1FD70D}.Debug|x64.Build.0 = Debug|x64
		{D01A74D7-67E9-301A-8CD6-68B83D1FD70D}.Release|x64.ActiveCfg = Release|x64
		{D01A74D7-67E9-301A-8CD6-68B83D1FD70D}.Release|x64.Build.0 = Release|x64
		{D01A74D7-67E9-301A-8CD6-68B83D1FD70D}.MinSizeRel|x64.ActiveCfg = MinSizeRel|x64
		{D01A74D7-67E9-301A-8CD6-68B83D1FD70D}.MinSizeRel|x64.Build.0 = MinSizeRel|x64
		{D01A74D7-67E9-301A-8CD6-68B83D1FD70D}.RelWithDebInfo|x64.ActiveCfg = RelWithDebInfo|x64
		{D01A74D7-67E9-301A-8CD6-68B83D1FD70D}.RelWithDebInfo|x64.Build.0 = RelWithDebInfo|x64
		{D76EABDF-5F73-3E3C-9848-DA3FAE840415}.Debug|x64.ActiveCfg = Debug|x64
		{D76EABDF-5F73-3E3C-9848-DA3FAE840415}.Debug|x64.Build.0 = Debug|x64
		{D76EABDF-5F73-3E3C-9848-DA3FAE840415}.Release|x64.ActiveCfg = Release|x64
		{D76EABDF-5F73-3E3C-9848-DA3FAE840415}.Release|x64.Build.0 = Release|x64
		{D76EABDF-5F73-3E3C-9848-DA3FAE840415}.MinSizeRel|x64.ActiveCfg = MinSizeRel|x64
		{D76EABDF-5F73-3E3C-9848-DA3FAE840415}.MinSizeRel|x64.Build.0 = MinSizeRel|x64
		{D76EABDF-5F73-3E3C-9848-DA3FAE840415}.RelWithDebInfo|x64.ActiveCfg = RelWithDebInfo|x64
		{D76EABDF-5F73-3E3C-9848-DA3FAE840415}.RelWithDebInfo|x64.Build.0 = RelWithDebInfo|x64
		{5D020EF5-A38C-3FAE-9886-CF97BC2C8786}.Debug|x64.ActiveCfg = Debug|x64
		{5D020EF5-A38C-3FAE-9886-CF97BC2C8786}.Debug|x64.Build.0 = Debug|x64
		{5D020EF5-A38C-3FAE-9886-CF97BC2C8786}.Release|x64.ActiveCfg = Release|x64
		{5D020EF5-A38C-3FAE-9886-CF97BC2C8786}.Release|x64.Build.0 = Release|x64
		{5D020EF5-A38C-3FAE-9886-CF97BC2C8786}.MinSizeRel|x64.ActiveCfg = MinSizeRel|x64
		{5D020EF5-A38C-3FAE-9886-CF97BC2C8786}.MinSizeRel|x64.Build.0 = MinSizeRel|x64
		{5D020EF5-A38C-3FAE-9886-CF97BC2C8786}.RelWithDebInfo|x64.ActiveCfg = RelWithDebInfo|x64
		{5D020EF5-A38C-3FAE-9886-CF97BC2C8786}.RelWithDebInfo|x64.Build.0 = RelWithDebInfo|x64
		{64CD9DCC-1801-381B-811C-536670C7263B}.Debug|x64.ActiveCfg = Debug|x64
		{64CD9DCC-1801-381B-811C-536670C7263B}.Debug|x64.Build.0 = Debug|x64
		{64CD9DCC-1801-381B-811C-536670C7263B}.Release|x64.ActiveCfg = Release|x64
		{64CD9DCC-1801-381B-811C-536670C7263B}.Release|x64.Build.0 = Release|x64
		{64CD9DCC-1801-381B-811C-536670C7263B}.MinSizeRel|x64.ActiveCfg = MinSizeRel|x64
		{64CD9DCC-1801-381B-811C-536670C7263B}.MinSizeRel|x64.Build.0 = MinSizeRel|x64
		{64CD9DCC-1801-381B-811C-536670C7263B}.RelWithDebInfo|x64.ActiveCfg = RelWithDebInfo|x64
		{64CD9DCC-1801-381B-811C-536670C7263B}.RelWithDebInfo|x64.Build.0 = RelWithDebInfo|x64
		{025488DC-E9F3-31F8-9576-211A27084678}.Debug|x64.ActiveCfg = Debug|x64
		{025488DC-E9F3-31F8-9576-211A27084678}.Debug|x64.Build.0 = Debug|x64
		{025488DC-E9F3-31F8-9576-211A27084678}.Release|x64.ActiveCfg = Release|x64
		{025488DC-E9F3-31F8-9576-211A27084678}.Release|x64.Build.0 = Release|x64
		{025488DC-E9F3-31F8-9576-211A27084678}.MinSizeRel|x64.ActiveCfg = MinSizeRel|x64
		{025488DC-E9F3-31F8-9576-211A27084678}.MinSizeRel|x64.Build.0 = MinSizeRel|x64
		{025488DC-E9F3-31F8-9576-211A27084678}.RelWithDebInfo|x64.ActiveCfg = RelWithDebInfo|x64
		{025488DC-E9F3-31F8-9576-211A27084678}.RelWithDebInfo|x64.Build.0 = RelWithDebInfo|x64
		{53051960-964E-3470-A41F-AC4852D9014B}.Debug|x64.ActiveCfg = Debug|x64
		{53051960-964E-3470-A41F-AC4852D9014B}.Debug|x64.Build.0 = Debug|x64
		{53051960-964E-3470-A41F-AC4852D9014B}.Release|x64.ActiveCfg = Release|x64
		{53051960-964E-3470-A41F-AC4852D9014B}.Release|x64.Build.0 = Release|x64
		{53051960-964E-3470-A41F-AC4852D9014B}.MinSizeRel|x64.ActiveCfg = MinSizeRel|x64
		{53051960-964E-3470-A41F-AC4852D9014B}.MinSizeRel|x64.Build.0 = MinSizeRel|x64
		{53051960-964E-3470-A41F-AC4852D9014B}.RelWithDebInfo|x64.ActiveCfg = RelWithDebInfo|x64
		{53051960-964E-3470-A41F-AC4852D9014B}.RelWithDebInfo|x64.Build.0 = RelWithDebInfo|x64
		{5790E368-784A-3298-84C1-0B0A76AF7E0E}.Debug|x64.ActiveCfg = Debug|x64
		{5790E368-784A-3298-84C1-0B0A76AF7E0E}.Debug|x64.Build.0 = Debug|x64
		{5790E368-784A-3298-84C1-0B0A76AF7E0E}.Release|x64.ActiveCfg = Release|x64
		{5790E368-784A-3298-84C1-0B0A76AF7E0E}.Release|x64.Build.0 = Release|x64
		{5790E368-784A-3298-84C1-0B0A76AF7E0E}.MinSizeRel|x64.ActiveCfg = MinSizeRel|x64
		{5790E368-784A-3298-84C1-0B0A76AF7E0E}.MinSizeRel|x64.Build.0 = MinSizeRel|x64
		{5790E368-784A-3298-84C1-0B0A76AF7E0E}.RelWithDebInfo|x64.ActiveCfg = RelWithDebInfo|x64
		{5790E368-784A-3298-84C1-0B0A76AF7E0E}.RelWithDebInfo|x64.Build.0 = RelWithDebInfo|x64
		{A033D94C-0D4A-31E4-B453-78B793CA2612}.Debug|x64.ActiveCfg = Debug|x64
		{A033D94C-0D4A-31E4-B453-78B793CA2612}.Debug|x64.Build.0 = Debug|x64
		{A033D94C-0D4A-31E4-B453-78B793CA2612}.Release|x64.ActiveCfg = Release|x64
		{A033D94C-0D4A-31E4-B453-78B793CA2612}.Release|x64.Build.0 = Release|x64
		{A033D94C-0D4A-31E4-B453-78B793CA2612}.MinSizeRel|x64.ActiveCfg = MinSizeRel|x64
		{A033D94C-0D4A-31E4-B453-78B793CA2612}.MinSizeRel|x64.Build.0 = MinSizeRel|x64
		{A033D94C-0D4A-31E4-B453-78B793CA2612}.RelWithDebInfo|x64.ActiveCfg = RelWithDebInfo|x64
		{A033D94C-0D4A-31E4-B453-78B793CA2612}.RelWithDebInfo|x64.Build.0 = RelWithDebInfo|x64
		{B6C0186B-8060-3F8C-99F5-FBCF42F0556C}.Debug|x64.ActiveCfg = Debug|x64
		{B6C0186B-8060-3F8C-99F5-FBCF42F0556C}.Debug|x64.Build.0 = Debug|x64
		{B6C0186B-8060-3F8C-99F5-FBCF42F0556C}.Release|x64.ActiveCfg = Release|x64
		{B6C0186B-8060-3F8C-99F5-FBCF42F0556C}.Release|x64.Build.0 = Release|x64
		{B6C0186B-8060-3F8C-99F5-FBCF42F0556C}.MinSizeRel|x64.ActiveCfg = MinSizeRel|x64
		{B6C0186B-8060-3F8C-99F5-FBCF42F0556C}.MinSizeRel|x64.Build.0 = MinSizeRel|x64
		{B6C0186B-8060-3F8C-99F5-FBCF42F0556C}.RelWithDebInfo|x64.ActiveCfg = RelWithDebInfo|x64
		{B6C0186B-8060-3F8C-99F5-FBCF42F0556C}.RelWithDebInfo|x64.Build.0 = RelWithDebInfo|x64
		{F1790981-3572-3C5C-A04C-C878D764BF71}.Debug|x64.ActiveCfg = Debug|x64
		{F1790981-3572-3C5C-A04C-C878D764BF71}.Debug|x64.Build.0 = Debug|x64
		{F1790981-3572-3C5C-A04C-C878D764BF71}.Release|x64.ActiveCfg = Release|x64
		{F1790981-3572-3C5C-A04C-C878D764BF71}.Release|x64.Build.0 = Release|x64
		{F1790981-3572-3C5C-A04C-C878D764BF71}.MinSizeRel|x64.ActiveCfg = MinSizeRel|x64
		{F1790981-3572-3C5C-A04C-C878D764BF71}.MinSizeRel|x64.Build.0 = MinSizeRel|x64
		{F1790981-3572-3C5C-A04C-C878D764BF71}.RelWithDebInfo|x64.ActiveCfg = RelWithDebInfo|x64
		{F1790981-3572-3C5C-A04C-C878D764BF71}.RelWithDebInfo|x64.Build.0 = RelWithDebInfo|x64
		{E6E791C9-B2B8-3154-97C4-B9EEE799B8F0}.Debug|x64.ActiveCfg = Debug|x64
		{E6E791C9-B2B8-3154-97C4-B9EEE799B8F0}.Debug|x64.Build.0 = Debug|x64
		{E6E791C9-B2B8-3154-97C4-B9EEE799B8F0}.Release|x64.ActiveCfg = Release|x64
		{E6E791C9-B2B8-3154-97C4-B9EEE799B8F0}.Release|x64.Build.0 = Release|x64
		{E6E791C9-B2B8-3154-97C4-B9EEE799B8F0}.MinSizeRel|x64.ActiveCfg = MinSizeRel|x64
		{E6E791C9-B2B8-3154-97C4-B9EEE799B8F0}.MinSizeRel|x64.Build.0 = MinSizeRel|x64
		{E6E791C9-B2B8-3154-97C4-B9EEE799B8F0}.RelWithDebInfo|x64.ActiveCfg = RelWithDebInfo|x64
		{E6E791C9-B2B8-3154-97C4-B9EEE799B8F0}.RelWithDebInfo|x64.Build.0 = RelWithDebInfo|x64
		{C26041CA-AC39-329C-A1E3-EFC374FB1DFA}.Debug|x64.ActiveCfg = Debug|x64
		{C26041CA-AC39-329C-A1E3-EFC374FB1DFA}.Debug|x64.Build.0 = Debug|x64
		{C26041CA-AC39-329C-A1E3-EFC374FB1DFA}.Release|x64.ActiveCfg = Release|x64
		{C26041CA-AC39-329C-A1E3-EFC374FB1DFA}.Release|x64.Build.0 = Release|x64
		{C26041CA-AC39-329C-A1E3-EFC374FB1DFA}.MinSizeRel|x64.ActiveCfg = MinSizeRel|x64
		{C26041CA-AC39-329C-A1E3-EFC374FB1DFA}.MinSizeRel|x64.Build.0 = MinSizeRel|x64
		{C26041CA-AC39-329C-A1E3-EFC374FB1DFA}.RelWithDebInfo|x64.ActiveCfg = RelWithDebInfo|x64
		{C26041CA-AC39-329C-A1E3-EFC374FB1DFA}.RelWithDebInfo|x64.Build.0 = RelWithDebInfo|x64
		{60064241-2741-30B9-A675-80CA78404BF8}.Debug|x64.ActiveCfg = Debug|x64
		{60064241-2741-30B9-A675-80CA78404BF8}.Debug|x64.Build.0 = Debug|x64
		{60064241-2741-30B9-A675-80CA78404BF8}.Release|x64.ActiveCfg = Release|x64
		{60064241-2741-30B9-A675-80CA78404BF8}.Release|x64.Build.0 = Release|x64
		{60064241-2741-30B9-A675-80CA78404BF8}.MinSizeRel|x64.ActiveCfg = MinSizeRel|x64
		{60064241-2741-30B9-A675-80CA78404BF8}.MinSizeRel|x64.Build.0 = MinSizeRel|x64
		{60064241-2741-30B9-A675-80CA78404BF8}.RelWithDebInfo|x64.ActiveCfg = RelWithDebInfo|x64
		{60064241-2741-30B9-A675-80CA78404BF8}.RelWithDebInfo|x64.Build.0 = RelWithDebInfo|x64
		{95566D85-8980-3659-AE85-83EF50DF652A}.Debug|x64.ActiveCfg = Debug|x64
		{95566D85-8980-3659-AE85-83EF50DF652A}.Debug|x64.Build.0 = Debug|x64
		{95566D85-8980-3659-AE85-83EF50DF652A}.Release|x64.ActiveCfg = Release|x64
		{95566D85-8980-3659-AE85-83EF50DF652A}.Release|x64.Build.0 = Release|x64
		{95566D85-8980-3659-AE85-83EF50DF652A}.MinSizeRel|x64.ActiveCfg = MinSizeRel|x64
		{95566D85-8980-3659-AE85-83EF50DF652A}.MinSizeRel|x64.Build.0 = MinSizeRel|x64
		{95566D85-8980-3659-AE85-83EF50DF652A}.RelWithDebInfo|x64.ActiveCfg = RelWithDebInfo|x64
		{95566D85-8980-3659-AE85-83EF50DF652A}.RelWithDebInfo|x64.Build.0 = RelWithDebInfo|x64
		{7A435F5E-E96C-3592-B358-6D556B757E94}.Debug|x64.ActiveCfg = Debug|x64
		{7A435F5E-E96C-3592-B358-6D556B757E94}.Debug|x64.Build.0 = Debug|x64
		{7A435F5E-E96C-3592-B358-6D556B757E94}.Release|x64.ActiveCfg = Release|x64
		{7A435F5E-E96C-3592-B358-6D556B757E94}.Release|x64.Build.0 = Release|x64
		{7A435F5E-E96C-3592-B358-6D556B757E94}.MinSizeRel|x64.ActiveCfg = MinSizeRel|x64
		{7A435F5E-E96C-3592-B358-6D556B757E94}.MinSizeRel|x64.Build.0 = MinSizeRel|x64
		{7A435F5E-E96C-3592-B358-6D556B757E94}.RelWithDebInfo|x64.ActiveCfg = RelWithDebInfo|x64
		{7A435F5E-E96C-3592-B358-6D556B757E94}.RelWithDebInfo|x64.Build.0 = RelWithDebInfo|x64
		{5BD84791-89C3-365F-94C5-330EDF70282F}.Debug|x64.ActiveCfg = Debug|x64
		{5BD84791-89C3-365F-94C5-330EDF70282F}.Debug|x64.Build.0 = Debug|x64
		{5BD84791-89C3-365F-94C5-330EDF70282F}.Release|x64.ActiveCfg = Release|x64
		{5BD84791-89C3-365F-94C5-330EDF70282F}.Release|x64.Build.0 = Release|x64
		{5BD84791-89C3-365F-94C5-330EDF70282F}.MinSizeRel|x64.ActiveCfg = MinSizeRel|x64
		{5BD84791-89C3-365F-94C5-330EDF70282F}.MinSizeRel|x64.Build.0 = MinSizeRel|x64
		{5BD84791-89C3-365F-94C5-330EDF70282F}.RelWithDebInfo|x64.ActiveCfg = RelWithDebInfo|x64
		{5BD84791-89C3-365F-94C5-330EDF70282F}.RelWithDebInfo|x64.Build.0 = RelWithDebInfo|x64
		{C95D8FE5-DC70-3BED-9008-031EED8A3845}.Debug|x64.ActiveCfg = Debug|x64
		{C95D8FE5-DC70-3BED-9008-031EED8A3845}.Debug|x64.Build.0 = Debug|x64
		{C95D8FE5-DC70-3BED-9008-031EED8A3845}.Release|x64.ActiveCfg = Release|x64
		{C95D8FE5-DC70-3BED-9008-031EED8A3845}.Release|x64.Build.0 = Release|x64
		{C95D8FE5-DC70-3BED-9008-031EED8A3845}.MinSizeRel|x64.ActiveCfg = MinSizeRel|x64
		{C95D8FE5-DC70-3BED-9008-031EED8A3845}.MinSizeRel|x64.Build.0 = MinSizeRel|x64
		{C95D8FE5-DC70-3BED-9008-031EED8A3845}.RelWithDebInfo|x64.ActiveCfg = RelWithDebInfo|x64
		{C95D8FE5-DC70-3BED-9008-031EED8A3845}.RelWithDebInfo|x64.Build.0 = RelWithDebInfo|x64
		{0B32ACD6-9D6F-3BF0-958E-97AAE0D3E188}.Debug|x64.ActiveCfg = Debug|x64
		{0B32ACD6-9D6F-3BF0-958E-97AAE0D3E188}.Debug|x64.Build.0 = Debug|x64
		{0B32ACD6-9D6F-3BF0-958E-97AAE0D3E188}.Release|x64.ActiveCfg = Release|x64
		{0B32ACD6-9D6F-3BF0-958E-97AAE0D3E188}.Release|x64.Build.0 = Release|x64
		{0B32ACD6-9D6F-3BF0-958E-97AAE0D3E188}.MinSizeRel|x64.ActiveCfg = MinSizeRel|x64
		{0B32ACD6-9D6F-3BF0-958E-97AAE0D3E188}.MinSizeRel|x64.Build.0 = MinSizeRel|x64
		{0B32ACD6-9D6F-3BF0-958E-97AAE0D3E188}.RelWithDebInfo|x64.ActiveCfg = RelWithDebInfo|x64
		{0B32ACD6-9D6F-3BF0-958E-97AAE0D3E188}.RelWithDebInfo|x64.Build.0 = RelWithDebInfo|x64
		{FE9859FF-0379-3DC2-9A54-D5EAB7233B3D}.Debug|x64.ActiveCfg = Debug|x64
		{FE9859FF-0379-3DC2-9A54-D5EAB7233B3D}.Debug|x64.Build.0 = Debug|x64
		{FE9859FF-0379-3DC2-9A54-D5EAB7233B3D}.Release|x64.ActiveCfg = Release|x64
		{FE9859FF-0379-3DC2-9A54-D5EAB7233B3D}.Release|x64.Build.0 = Release|x64
		{FE9859FF-0379-3DC2-9A54-D5EAB7233B3D}.MinSizeRel|x64.ActiveCfg = MinSizeRel|x64
		{FE9859FF-0379-3DC2-9A54-D5EAB7233B3D}.MinSizeRel|x64.Build.0 = MinSizeRel|x64
		{FE9859FF-0379-3DC2-9A54-D5EAB7233B3D}.RelWithDebInfo|x64.ActiveCfg = RelWithDebInfo|x64
		{FE9859FF-0379-3DC2-9A54-D5EAB7233B3D}.RelWithDebInfo|x64.Build.0 = RelWithDebInfo|x64
		{C02725E2-CF7F-38DA-9C11-0E4AE18E1F74}.Debug|x64.ActiveCfg = Debug|x64
		{C02725E2-CF7F-38DA-9C11-0E4AE18E1F74}.Debug|x64.Build.0 = Debug|x64
		{C02725E2-CF7F-38DA-9C11-0E4AE18E1F74}.Release|x64.ActiveCfg = Release|x64
		{C02725E2-CF7F-38DA-9C11-0E4AE18E1F74}.Release|x64.Build.0 = Release|x64
		{C02725E2-CF7F-38DA-9C11-0E4AE18E1F74}.MinSizeRel|x64.ActiveCfg = MinSizeRel|x64
		{C02725E2-CF7F-38DA-9C11-0E4AE18E1F74}.MinSizeRel|x64.Build.0 = MinSizeRel|x64
		{C02725E2-CF7F-38DA-9C11-0E4AE18E1F74}.RelWithDebInfo|x64.ActiveCfg = RelWithDebInfo|x64
		{C02725E2-CF7F-38DA-9C11-0E4AE18E1F74}.RelWithDebInfo|x64.Build.0 = RelWithDebInfo|x64
		{71405CFA-1652-33CA-98EB-9CA1A4EEF2DD}.Debug|x64.ActiveCfg = Debug|x64
		{71405CFA-1652-33CA-98EB-9CA1A4EEF2DD}.Debug|x64.Build.0 = Debug|x64
		{71405CFA-1652-33CA-98EB-9CA1A4EEF2DD}.Release|x64.ActiveCfg = Release|x64
		{71405CFA-1652-33CA-98EB-9CA1A4EEF2DD}.Release|x64.Build.0 = Release|x64
		{71405CFA-1652-33CA-98EB-9CA1A4EEF2DD}.MinSizeRel|x64.ActiveCfg = MinSizeRel|x64
		{71405CFA-1652-33CA-98EB-9CA1A4EEF2DD}.MinSizeRel|x64.Build.0 = MinSizeRel|x64
		{71405CFA-1652-33CA-98EB-9CA1A4EEF2DD}.RelWithDebInfo|x64.ActiveCfg = RelWithDebInfo|x64
		{71405CFA-1652-33CA-98EB-9CA1A4EEF2DD}.RelWithDebInfo|x64.Build.0 = RelWithDebInfo|x64
		{1BDA9049-52FC-3C4D-A979-9623347668BE}.Debug|x64.ActiveCfg = Debug|x64
		{1BDA9049-52FC-3C4D-A979-9623347668BE}.Debug|x64.Build.0 = Debug|x64
		{1BDA9049-52FC-3C4D-A979-9623347668BE}.Release|x64.ActiveCfg = Release|x64
		{1BDA9049-52FC-3C4D-A979-9623347668BE}.Release|x64.Build.0 = Release|x64
		{1BDA9049-52FC-3C4D-A979-9623347668BE}.MinSizeRel|x64.ActiveCfg = MinSizeRel|x64
		{1BDA9049-52FC-3C4D-A979-9623347668BE}.MinSizeRel|x64.Build.0 = MinSizeRel|x64
		{1BDA9049-52FC-3C4D-A979-9623347668BE}.RelWithDebInfo|x64.ActiveCfg = RelWithDebInfo|x64
		{1BDA9049-52FC-3C4D-A979-9623347668BE}.RelWithDebInfo|x64.Build.0 = RelWithDebInfo|x64
		{824EB17E-7279-346B-A654-7383EC8C0DDB}.Debug|x64.ActiveCfg = Debug|x64
		{824EB17E-7279-346B-A654-7383EC8C0DDB}.Debug|x64.Build.0 = Debug|x64
		{824EB17E-7279-346B-A654-7383EC8C0DDB}.Release|x64.ActiveCfg = Release|x64
		{824EB17E-7279-346B-A654-7383EC8C0DDB}.Release|x64.Build.0 = Release|x64
		{824EB17E-7279-346B-A654-7383EC8C0DDB}.MinSizeRel|x64.ActiveCfg = MinSizeRel|x64
		{824EB17E-7279-346B-A654-7383EC8C0DDB}.MinSizeRel|x64.Build.0 = MinSizeRel|x64
		{824EB17E-7279-346B-A654-7383EC8C0DDB}.RelWithDebInfo|x64.ActiveCfg = RelWithDebInfo|x64
		{824EB17E-7279-346B-A654-7383EC8C0DDB}.RelWithDebInfo|x64.Build.0 = RelWithDebInfo|x64
		{4956972A-25CD-3F31-902F-303A18E0A221}.Debug|x64.ActiveCfg = Debug|x64
		{4956972A-25CD-3F31-902F-303A18E0A221}.Debug|x64.Build.0 = Debug|x64
		{4956972A-25CD-3F31-902F-303A18E0A221}.Release|x64.ActiveCfg = Release|x64
		{4956972A-25CD-3F31-902F-303A18E0A221}.Release|x64.Build.0 = Release|x64
		{4956972A-25CD-3F31-902F-303A18E0A221}.MinSizeRel|x64.ActiveCfg = MinSizeRel|x64
		{4956972A-25CD-3F31-902F-303A18E0A221}.MinSizeRel|x64.Build.0 = MinSizeRel|x64
		{4956972A-25CD-3F31-902F-303A18E0A221}.RelWithDebInfo|x64.ActiveCfg = RelWithDebInfo|x64
		{4956972A-25CD-3F31-902F-303A18E0A221}.RelWithDebInfo|x64.Build.0 = RelWithDebInfo|x64
		{59F7356E-DEB5-321E-8CBB-185B8A09A83D}.Debug|x64.ActiveCfg = Debug|x64
		{59F7356E-DEB5-321E-8CBB-185B8A09A83D}.Debug|x64.Build.0 = Debug|x64
		{59F7356E-DEB5-321E-8CBB-185B8A09A83D}.Release|x64.ActiveCfg = Release|x64
		{59F7356E-DEB5-321E-8CBB-185B8A09A83D}.Release|x64.Build.0 = Release|x64
		{59F7356E-DEB5-321E-8CBB-185B8A09A83D}.MinSizeRel|x64.ActiveCfg = MinSizeRel|x64
		{59F7356E-DEB5-321E-8CBB-185B8A09A83D}.MinSizeRel|x64.Build.0 = MinSizeRel|x64
		{59F7356E-DEB5-321E-8CBB-185B8A09A83D}.RelWithDebInfo|x64.ActiveCfg = RelWithDebInfo|x64
		{59F7356E-DEB5-321E-8CBB-185B8A09A83D}.RelWithDebInfo|x64.Build.0 = RelWithDebInfo|x64
		{44D7A87F-64EF-3048-88B0-1E556940F4C1}.Debug|x64.ActiveCfg = Debug|x64
		{44D7A87F-64EF-3048-88B0-1E556940F4C1}.Debug|x64.Build.0 = Debug|x64
		{44D7A87F-64EF-3048-88B0-1E556940F4C1}.Release|x64.ActiveCfg = Release|x64
		{44D7A87F-64EF-3048-88B0-1E556940F4C1}.Release|x64.Build.0 = Release|x64
		{44D7A87F-64EF-3048-88B0-1E556940F4C1}.MinSizeRel|x64.ActiveCfg = MinSizeRel|x64
		{44D7A87F-64EF-3048-88B0-1E556940F4C1}.MinSizeRel|x64.Build.0 = MinSizeRel|x64
		{44D7A87F-64EF-3048-88B0-1E556940F4C1}.RelWithDebInfo|x64.ActiveCfg = RelWithDebInfo|x64
		{44D7A87F-64EF-3048-88B0-1E556940F4C1}.RelWithDebInfo|x64.Build.0 = RelWithDebInfo|x64
		{2E417C5F-3123-3381-912E-9178F8A3B11D}.Debug|x64.ActiveCfg = Debug|x64
		{2E417C5F-3123-3381-912E-9178F8A3B11D}.Debug|x64.Build.0 = Debug|x64
		{2E417C5F-3123-3381-912E-9178F8A3B11D}.Release|x64.ActiveCfg = Release|x64
		{2E417C5F-3123-3381-912E-9178F8A3B11D}.Release|x64.Build.0 = Release|x64
		{2E417C5F-3123-3381-912E-9178F8A3B11D}.MinSizeRel|x64.ActiveCfg = MinSizeRel|x64
		{2E417C5F-3123-3381-912E-9178F8A3B11D}.MinSizeRel|x64.Build.0 = MinSizeRel|x64
		{2E417C5F-3123-3381-912E-9178F8A3B11D}.RelWithDebInfo|x64.ActiveCfg = RelWithDebInfo|x64
		{2E417C5F-3123-3381-912E-9178F8A3B11D}.RelWithDebInfo|x64.Build.0 = RelWithDebInfo|x64
		{9D62A9BD-7C4E-3196-BD6E-43C630BC24D2}.Debug|x64.ActiveCfg = Debug|x64
		{9D62A9BD-7C4E-3196-BD6E-43C630BC24D2}.Debug|x64.Build.0 = Debug|x64
		{9D62A9BD-7C4E-3196-BD6E-43C630BC24D2}.Release|x64.ActiveCfg = Release|x64
		{9D62A9BD-7C4E-3196-BD6E-43C630BC24D2}.Release|x64.Build.0 = Release|x64
		{9D62A9BD-7C4E-3196-BD6E-43C630BC24D2}.MinSizeRel|x64.ActiveCfg = MinSizeRel|x64
		{9D62A9BD-7C4E-3196-BD6E-43C630BC24D2}.MinSizeRel|x64.Build.0 = MinSizeRel|x64
		{9D62A9BD-7C4E-3196-BD6E-43C630BC24D2}.RelWithDebInfo|x64.ActiveCfg = RelWithDebInfo|x64
		{9D62A9BD-7C4E-3196-BD6E-43C630BC24D2}.RelWithDebInfo|x64.Build.0 = RelWithDebInfo|x64
		{13402020-BF3F-3BCF-9CD8-5E2CB4960BD3}.Debug|x64.ActiveCfg = Debug|x64
		{13402020-BF3F-3BCF-9CD8-5E2CB4960BD3}.Debug|x64.Build.0 = Debug|x64
		{13402020-BF3F-3BCF-9CD8-5E2CB4960BD3}.Release|x64.ActiveCfg = Release|x64
		{13402020-BF3F-3BCF-9CD8-5E2CB4960BD3}.Release|x64.Build.0 = Release|x64
		{13402020-BF3F-3BCF-9CD8-5E2CB4960BD3}.MinSizeRel|x64.ActiveCfg = MinSizeRel|x64
		{13402020-BF3F-3BCF-9CD8-5E2CB4960BD3}.MinSizeRel|x64.Build.0 = MinSizeRel|x64
		{13402020-BF3F-3BCF-9CD8-5E2CB4960BD3}.RelWithDebInfo|x64.ActiveCfg = RelWithDebInfo|x64
		{13402020-BF3F-3BCF-9CD8-5E2CB4960BD3}.RelWithDebInfo|x64.Build.0 = RelWithDebInfo|x64
		{096DDA86-669E-3126-B5B9-DEFA8632DDCC}.Debug|x64.ActiveCfg = Debug|x64
		{096DDA86-669E-3126-B5B9-DEFA8632DDCC}.Debug|x64.Build.0 = Debug|x64
		{096DDA86-669E-3126-B5B9-DEFA8632DDCC}.Release|x64.ActiveCfg = Release|x64
		{096DDA86-669E-3126-B5B9-DEFA8632DDCC}.Release|x64.Build.0 = Release|x64
		{096DDA86-669E-3126-B5B9-DEFA8632DDCC}.MinSizeRel|x64.ActiveCfg = MinSizeRel|x64
		{096DDA86-669E-3126-B5B9-DEFA8632DDCC}.MinSizeRel|x64.Build.0 = MinSizeRel|x64
		{096DDA86-669E-3126-B5B9-DEFA8632DDCC}.RelWithDebInfo|x64.ActiveCfg = RelWithDebInfo|x64
		{096DDA86-669E-3126-B5B9-DEFA8632DDCC}.RelWithDebInfo|x64.Build.0 = RelWithDebInfo|x64
		{D0A644A3-5477-3AFA-B724-696BE0D36225}.Debug|x64.ActiveCfg = Debug|x64
		{D0A644A3-5477-3AFA-B724-696BE0D36225}.Debug|x64.Build.0 = Debug|x64
		{D0A644A3-5477-3AFA-B724-696BE0D36225}.Release|x64.ActiveCfg = Release|x64
		{D0A644A3-5477-3AFA-B724-696BE0D36225}.Release|x64.Build.0 = Release|x64
		{D0A644A3-5477-3AFA-B724-696BE0D36225}.MinSizeRel|x64.ActiveCfg = MinSizeRel|x64
		{D0A644A3-5477-3AFA-B724-696BE0D36225}.MinSizeRel|x64.Build.0 = MinSizeRel|x64
		{D0A644A3-5477-3AFA-B724-696BE0D36225}.RelWithDebInfo|x64.ActiveCfg = RelWithDebInfo|x64
		{D0A644A3-5477-3AFA-B724-696BE0D36225}.RelWithDebInfo|x64.Build.0 = RelWithDebInfo|x64
		{B95DB24B-6B74-3EBD-AA4E-E5276E7734B5}.Debug|x64.ActiveCfg = Debug|x64
		{B95DB24B-6B74-3EBD-AA4E-E5276E7734B5}.Debug|x64.Build.0 = Debug|x64
		{B95DB24B-6B74-3EBD-AA4E-E5276E7734B5}.Release|x64.ActiveCfg = Release|x64
		{B95DB24B-6B74-3EBD-AA4E-E5276E7734B5}.Release|x64.Build.0 = Release|x64
		{B95DB24B-6B74-3EBD-AA4E-E5276E7734B5}.MinSizeRel|x64.ActiveCfg = MinSizeRel|x64
		{B95DB24B-6B74-3EBD-AA4E-E5276E7734B5}.MinSizeRel|x64.Build.0 = MinSizeRel|x64
		{B95DB24B-6B74-3EBD-AA4E-E5276E7734B5}.RelWithDebInfo|x64.ActiveCfg = RelWithDebInfo|x64
		{B95DB24B-6B74-3EBD-AA4E-E5276E7734B5}.RelWithDebInfo|x64.Build.0 = RelWithDebInfo|x64
		{08D7F6D6-5EB0-3E9F-8355-C0334137E409}.Debug|x64.ActiveCfg = Debug|x64
		{08D7F6D6-5EB0-3E9F-8355-C0334137E409}.Debug|x64.Build.0 = Debug|x64
		{08D7F6D6-5EB0-3E9F-8355-C0334137E409}.Release|x64.ActiveCfg = Release|x64
		{08D7F6D6-5EB0-3E9F-8355-C0334137E409}.Release|x64.Build.0 = Release|x64
		{08D7F6D6-5EB0-3E9F-8355-C0334137E409}.MinSizeRel|x64.ActiveCfg = MinSizeRel|x64
		{08D7F6D6-5EB0-3E9F-8355-C0334137E409}.MinSizeRel|x64.Build.0 = MinSizeRel|x64
		{08D7F6D6-5EB0-3E9F-8355-C0334137E409}.RelWithDebInfo|x64.ActiveCfg = RelWithDebInfo|x64
		{08D7F6D6-5EB0-3E9F-8355-C0334137E409}.RelWithDebInfo|x64.Build.0 = RelWithDebInfo|x64
		{5CA579ED-BED8-34D9-BF50-972CECCD4889}.Debug|x64.ActiveCfg = Debug|x64
		{5CA579ED-BED8-34D9-BF50-972CECCD4889}.Debug|x64.Build.0 = Debug|x64
		{5CA579ED-BED8-34D9-BF50-972CECCD4889}.Release|x64.ActiveCfg = Release|x64
		{5CA579ED-BED8-34D9-BF50-972CECCD4889}.Release|x64.Build.0 = Release|x64
		{5CA579ED-BED8-34D9-BF50-972CECCD4889}.MinSizeRel|x64.ActiveCfg = MinSizeRel|x64
		{5CA579ED-BED8-34D9-BF50-972CECCD4889}.MinSizeRel|x64.Build.0 = MinSizeRel|x64
		{5CA579ED-BED8-34D9-BF50-972CECCD4889}.RelWithDebInfo|x64.ActiveCfg = RelWithDebInfo|x64
		{5CA579ED-BED8-34D9-BF50-972CECCD4889}.RelWithDebInfo|x64.Build.0 = RelWithDebInfo|x64
		{D17EB193-84DC-3EFA-BD34-A71B4F0F7751}.Debug|x64.ActiveCfg = Debug|x64
		{D17EB193-84DC-3EFA-BD34-A71B4F0F7751}.Debug|x64.Build.0 = Debug|x64
		{D17EB193-84DC-3EFA-BD34-A71B4F0F7751}.Release|x64.ActiveCfg = Release|x64
		{D17EB193-84DC-3EFA-BD34-A71B4F0F7751}.Release|x64.Build.0 = Release|x64
		{D17EB193-84DC-3EFA-BD34-A71B4F0F7751}.MinSizeRel|x64.ActiveCfg = MinSizeRel|x64
		{D17EB193-84DC-3EFA-BD34-A71B4F0F7751}.MinSizeRel|x64.Build.0 = MinSizeRel|x64
		{D17EB193-84DC-3EFA-BD34-A71B4F0F7751}.RelWithDebInfo|x64.ActiveCfg = RelWithDebInfo|x64
		{D17EB193-84DC-3EFA-BD34-A71B4F0F7751}.RelWithDebInfo|x64.Build.0 = RelWithDebInfo|x64
		{B3FA457A-B6C3-3327-B5AB-A92A02453647}.Debug|x64.ActiveCfg = Debug|x64
		{B3FA457A-B6C3-3327-B5AB-A92A02453647}.Debug|x64.Build.0 = Debug|x64
		{B3FA457A-B6C3-3327-B5AB-A92A02453647}.Release|x64.ActiveCfg = Release|x64
		{B3FA457A-B6C3-3327-B5AB-A92A02453647}.Release|x64.Build.0 = Release|x64
		{B3FA457A-B6C3-3327-B5AB-A92A02453647}.MinSizeRel|x64.ActiveCfg = MinSizeRel|x64
		{B3FA457A-B6C3-3327-B5AB-A92A02453647}.MinSizeRel|x64.Build.0 = MinSizeRel|x64
		{B3FA457A-B6C3-3327-B5AB-A92A02453647}.RelWithDebInfo|x64.ActiveCfg = RelWithDebInfo|x64
		{B3FA457A-B6C3-3327-B5AB-A92A02453647}.RelWithDebInfo|x64.Build.0 = RelWithDebInfo|x64
		{EAE8DC65-7559-34CD-88D4-CDC5B9D8ED6A}.Debug|x64.ActiveCfg = Debug|x64
		{EAE8DC65-7559-34CD-88D4-CDC5B9D8ED6A}.Debug|x64.Build.0 = Debug|x64
		{EAE8DC65-7559-34CD-88D4-CDC5B9D8ED6A}.Release|x64.ActiveCfg = Release|x64
		{EAE8DC65-7559-34CD-88D4-CDC5B9D8ED6A}.Release|x64.Build.0 = Release|x64
		{EAE8DC65-7559-34CD-88D4-CDC5B9D8ED6A}.MinSizeRel|x64.ActiveCfg = MinSizeRel|x64
		{EAE8DC65-7559-34CD-88D4-CDC5B9D8ED6A}.MinSizeRel|x64.Build.0 = MinSizeRel|x64
		{EAE8DC65-7559-34CD-88D4-CDC5B9D8ED6A}.RelWithDebInfo|x64.ActiveCfg = RelWithDebInfo|x64
		{EAE8DC65-7559-34CD-88D4-CDC5B9D8ED6A}.RelWithDebInfo|x64.Build.0 = RelWithDebInfo|x64
		{8BBAFABE-DE1D-3E23-830F-AC648178D1EE}.Debug|x64.ActiveCfg = Debug|x64
		{8BBAFABE-DE1D-3E23-830F-AC648178D1EE}.Debug|x64.Build.0 = Debug|x64
		{8BBAFABE-DE1D-3E23-830F-AC648178D1EE}.Release|x64.ActiveCfg = Release|x64
		{8BBAFABE-DE1D-3E23-830F-AC648178D1EE}.Release|x64.Build.0 = Release|x64
		{8BBAFABE-DE1D-3E23-830F-AC648178D1EE}.MinSizeRel|x64.ActiveCfg = MinSizeRel|x64
		{8BBAFABE-DE1D-3E23-830F-AC648178D1EE}.MinSizeRel|x64.Build.0 = MinSizeRel|x64
		{8BBAFABE-DE1D-3E23-830F-AC648178D1EE}.RelWithDebInfo|x64.ActiveCfg = RelWithDebInfo|x64
		{8BBAFABE-DE1D-3E23-830F-AC648178D1EE}.RelWithDebInfo|x64.Build.0 = RelWithDebInfo|x64
		{CD0DD904-D9E2-3E73-A8AF-F8D4452D143C}.Debug|x64.ActiveCfg = Debug|x64
		{CD0DD904-D9E2-3E73-A8AF-F8D4452D143C}.Debug|x64.Build.0 = Debug|x64
		{CD0DD904-D9E2-3E73-A8AF-F8D4452D143C}.Release|x64.ActiveCfg = Release|x64
		{CD0DD904-D9E2-3E73-A8AF-F8D4452D143C}.Release|x64.Build.0 = Release|x64
		{CD0DD904-D9E2-3E73-A8AF-F8D4452D143C}.MinSizeRel|x64.ActiveCfg = MinSizeRel|x64
		{CD0DD904-D9E2-3E73-A8AF-F8D4452D143C}.MinSizeRel|x64.Build.0 = MinSizeRel|x64
		{CD0DD904-D9E2-3E73-A8AF-F8D4452D143C}.RelWithDebInfo|x64.ActiveCfg = RelWithDebInfo|x64
		{CD0DD904-D9E2-3E73-A8AF-F8D4452D143C}.RelWithDebInfo|x64.Build.0 = RelWithDebInfo|x64
		{12782A60-D69E-3667-B09E-FD3C93DD6A44}.Debug|x64.ActiveCfg = Debug|x64
		{12782A60-D69E-3667-B09E-FD3C93DD6A44}.Debug|x64.Build.0 = Debug|x64
		{12782A60-D69E-3667-B09E-FD3C93DD6A44}.Release|x64.ActiveCfg = Release|x64
		{12782A60-D69E-3667-B09E-FD3C93DD6A44}.Release|x64.Build.0 = Release|x64
		{12782A60-D69E-3667-B09E-FD3C93DD6A44}.MinSizeRel|x64.ActiveCfg = MinSizeRel|x64
		{12782A60-D69E-3667-B09E-FD3C93DD6A44}.MinSizeRel|x64.Build.0 = MinSizeRel|x64
		{12782A60-D69E-3667-B09E-FD3C93DD6A44}.RelWithDebInfo|x64.ActiveCfg = RelWithDebInfo|x64
		{12782A60-D69E-3667-B09E-FD3C93DD6A44}.RelWithDebInfo|x64.Build.0 = RelWithDebInfo|x64
		{E1CF9981-EFBA-3F77-AA98-ADB572D1DADE}.Debug|x64.ActiveCfg = Debug|x64
		{E1CF9981-EFBA-3F77-AA98-ADB572D1DADE}.Debug|x64.Build.0 = Debug|x64
		{E1CF9981-EFBA-3F77-AA98-ADB572D1DADE}.Release|x64.ActiveCfg = Release|x64
		{E1CF9981-EFBA-3F77-AA98-ADB572D1DADE}.Release|x64.Build.0 = Release|x64
		{E1CF9981-EFBA-3F77-AA98-ADB572D1DADE}.MinSizeRel|x64.ActiveCfg = MinSizeRel|x64
		{E1CF9981-EFBA-3F77-AA98-ADB572D1DADE}.MinSizeRel|x64.Build.0 = MinSizeRel|x64
		{E1CF9981-EFBA-3F77-AA98-ADB572D1DADE}.RelWithDebInfo|x64.ActiveCfg = RelWithDebInfo|x64
		{E1CF9981-EFBA-3F77-AA98-ADB572D1DADE}.RelWithDebInfo|x64.Build.0 = RelWithDebInfo|x64
		{479E0D6B-31A6-3375-AC0E-46BF5F389AAC}.Debug|x64.ActiveCfg = Debug|x64
		{479E0D6B-31A6-3375-AC0E-46BF5F389AAC}.Debug|x64.Build.0 = Debug|x64
		{479E0D6B-31A6-3375-AC0E-46BF5F389AAC}.Release|x64.ActiveCfg = Release|x64
		{479E0D6B-31A6-3375-AC0E-46BF5F389AAC}.Release|x64.Build.0 = Release|x64
		{479E0D6B-31A6-3375-AC0E-46BF5F389AAC}.MinSizeRel|x64.ActiveCfg = MinSizeRel|x64
		{479E0D6B-31A6-3375-AC0E-46BF5F389AAC}.MinSizeRel|x64.Build.0 = MinSizeRel|x64
		{479E0D6B-31A6-3375-AC0E-46BF5F389AAC}.RelWithDebInfo|x64.ActiveCfg = RelWithDebInfo|x64
		{479E0D6B-31A6-3375-AC0E-46BF5F389AAC}.RelWithDebInfo|x64.Build.0 = RelWithDebInfo|x64
		{3BF6B59F-E560-3E9D-9BB7-242369049300}.Debug|x64.ActiveCfg = Debug|x64
		{3BF6B59F-E560-3E9D-9BB7-242369049300}.Debug|x64.Build.0 = Debug|x64
		{3BF6B59F-E560-3E9D-9BB7-242369049300}.Release|x64.ActiveCfg = Release|x64
		{3BF6B59F-E560-3E9D-9BB7-242369049300}.Release|x64.Build.0 = Release|x64
		{3BF6B59F-E560-3E9D-9BB7-242369049300}.MinSizeRel|x64.ActiveCfg = MinSizeRel|x64
		{3BF6B59F-E560-3E9D-9BB7-242369049300}.MinSizeRel|x64.Build.0 = MinSizeRel|x64
		{3BF6B59F-E560-3E9D-9BB7-242369049300}.RelWithDebInfo|x64.ActiveCfg = RelWithDebInfo|x64
		{3BF6B59F-E560-3E9D-9BB7-242369049300}.RelWithDebInfo|x64.Build.0 = RelWithDebInfo|x64
		{9963FE6A-29F7-38CA-9951-877A7787FACA}.Debug|x64.ActiveCfg = Debug|x64
		{9963FE6A-29F7-38CA-9951-877A7787FACA}.Debug|x64.Build.0 = Debug|x64
		{9963FE6A-29F7-38CA-9951-877A7787FACA}.Release|x64.ActiveCfg = Release|x64
		{9963FE6A-29F7-38CA-9951-877A7787FACA}.Release|x64.Build.0 = Release|x64
		{9963FE6A-29F7-38CA-9951-877A7787FACA}.MinSizeRel|x64.ActiveCfg = MinSizeRel|x64
		{9963FE6A-29F7-38CA-9951-877A7787FACA}.MinSizeRel|x64.Build.0 = MinSizeRel|x64
		{9963FE6A-29F7-38CA-9951-877A7787FACA}.RelWithDebInfo|x64.ActiveCfg = RelWithDebInfo|x64
		{9963FE6A-29F7-38CA-9951-877A7787FACA}.RelWithDebInfo|x64.Build.0 = RelWithDebInfo|x64
		{BF8FA6BF-740F-3221-AD66-1DCAC962F90F}.Debug|x64.ActiveCfg = Debug|x64
		{BF8FA6BF-740F-3221-AD66-1DCAC962F90F}.Debug|x64.Build.0 = Debug|x64
		{BF8FA6BF-740F-3221-AD66-1DCAC962F90F}.Release|x64.ActiveCfg = Release|x64
		{BF8FA6BF-740F-3221-AD66-1DCAC962F90F}.Release|x64.Build.0 = Release|x64
		{BF8FA6BF-740F-3221-AD66-1DCAC962F90F}.MinSizeRel|x64.ActiveCfg = MinSizeRel|x64
		{BF8FA6BF-740F-3221-AD66-1DCAC962F90F}.MinSizeRel|x64.Build.0 = MinSizeRel|x64
		{BF8FA6BF-740F-3221-AD66-1DCAC962F90F}.RelWithDebInfo|x64.ActiveCfg = RelWithDebInfo|x64
		{BF8FA6BF-740F-3221-AD66-1DCAC962F90F}.RelWithDebInfo|x64.Build.0 = RelWithDebInfo|x64
		{0C6B1C5C-267F-329F-BA27-61CBB7BEDDBA}.Debug|x64.ActiveCfg = Debug|x64
		{0C6B1C5C-267F-329F-BA27-61CBB7BEDDBA}.Debug|x64.Build.0 = Debug|x64
		{0C6B1C5C-267F-329F-BA27-61CBB7BEDDBA}.Release|x64.ActiveCfg = Release|x64
		{0C6B1C5C-267F-329F-BA27-61CBB7BEDDBA}.Release|x64.Build.0 = Release|x64
		{0C6B1C5C-267F-329F-BA27-61CBB7BEDDBA}.MinSizeRel|x64.ActiveCfg = MinSizeRel|x64
		{0C6B1C5C-267F-329F-BA27-61CBB7BEDDBA}.MinSizeRel|x64.Build.0 = MinSizeRel|x64
		{0C6B1C5C-267F-329F-BA27-61CBB7BEDDBA}.RelWithDebInfo|x64.ActiveCfg = RelWithDebInfo|x64
		{0C6B1C5C-267F-329F-BA27-61CBB7BEDDBA}.RelWithDebInfo|x64.Build.0 = RelWithDebInfo|x64
		{E0B2D051-A655-3D64-9181-9CF412D125AC}.Debug|x64.ActiveCfg = Debug|x64
		{E0B2D051-A655-3D64-9181-9CF412D125AC}.Debug|x64.Build.0 = Debug|x64
		{E0B2D051-A655-3D64-9181-9CF412D125AC}.Release|x64.ActiveCfg = Release|x64
		{E0B2D051-A655-3D64-9181-9CF412D125AC}.Release|x64.Build.0 = Release|x64
		{E0B2D051-A655-3D64-9181-9CF412D125AC}.MinSizeRel|x64.ActiveCfg = MinSizeRel|x64
		{E0B2D051-A655-3D64-9181-9CF412D125AC}.MinSizeRel|x64.Build.0 = MinSizeRel|x64
		{E0B2D051-A655-3D64-9181-9CF412D125AC}.RelWithDebInfo|x64.ActiveCfg = RelWithDebInfo|x64
		{E0B2D051-A655-3D64-9181-9CF412D125AC}.RelWithDebInfo|x64.Build.0 = RelWithDebInfo|x64
		{2CDB3B84-910D-3146-855D-270BAC153515}.Debug|x64.ActiveCfg = Debug|x64
		{2CDB3B84-910D-3146-855D-270BAC153515}.Debug|x64.Build.0 = Debug|x64
		{2CDB3B84-910D-3146-855D-270BAC153515}.Release|x64.ActiveCfg = Release|x64
		{2CDB3B84-910D-3146-855D-270BAC153515}.Release|x64.Build.0 = Release|x64
		{2CDB3B84-910D-3146-855D-270BAC153515}.MinSizeRel|x64.ActiveCfg = MinSizeRel|x64
		{2CDB3B84-910D-3146-855D-270BAC153515}.MinSizeRel|x64.Build.0 = MinSizeRel|x64
		{2CDB3B84-910D-3146-855D-270BAC153515}.RelWithDebInfo|x64.ActiveCfg = RelWithDebInfo|x64
		{2CDB3B84-910D-3146-855D-270BAC153515}.RelWithDebInfo|x64.Build.0 = RelWithDebInfo|x64
		{E44EA4EB-1470-32A7-883A-97788EB3788D}.Debug|x64.ActiveCfg = Debug|x64
		{E44EA4EB-1470-32A7-883A-97788EB3788D}.Debug|x64.Build.0 = Debug|x64
		{E44EA4EB-1470-32A7-883A-97788EB3788D}.Release|x64.ActiveCfg = Release|x64
		{E44EA4EB-1470-32A7-883A-97788EB3788D}.Release|x64.Build.0 = Release|x64
		{E44EA4EB-1470-32A7-883A-97788EB3788D}.MinSizeRel|x64.ActiveCfg = MinSizeRel|x64
		{E44EA4EB-1470-32A7-883A-97788EB3788D}.MinSizeRel|x64.Build.0 = MinSizeRel|x64
		{E44EA4EB-1470-32A7-883A-97788EB3788D}.RelWithDebInfo|x64.ActiveCfg = RelWithDebInfo|x64
		{E44EA4EB-1470-32A7-883A-97788EB3788D}.RelWithDebInfo|x64.Build.0 = RelWithDebInfo|x64
		{58125B4B-80E0-3C35-9097-40F948BD2FFD}.Debug|x64.ActiveCfg = Debug|x64
		{58125B4B-80E0-3C35-9097-40F948BD2FFD}.Debug|x64.Build.0 = Debug|x64
		{58125B4B-80E0-3C35-9097-40F948BD2FFD}.Release|x64.ActiveCfg = Release|x64
		{58125B4B-80E0-3C35-9097-40F948BD2FFD}.Release|x64.Build.0 = Release|x64
		{58125B4B-80E0-3C35-9097-40F948BD2FFD}.MinSizeRel|x64.ActiveCfg = MinSizeRel|x64
		{58125B4B-80E0-3C35-9097-40F948BD2FFD}.MinSizeRel|x64.Build.0 = MinSizeRel|x64
		{58125B4B-80E0-3C35-9097-40F948BD2FFD}.RelWithDebInfo|x64.ActiveCfg = RelWithDebInfo|x64
		{58125B4B-80E0-3C35-9097-40F948BD2FFD}.RelWithDebInfo|x64.Build.0 = RelWithDebInfo|x64
		{18CE41BC-5294-3A10-A049-5E456EF6A622}.Debug|x64.ActiveCfg = Debug|x64
		{18CE41BC-5294-3A10-A049-5E456EF6A622}.Debug|x64.Build.0 = Debug|x64
		{18CE41BC-5294-3A10-A049-5E456EF6A622}.Release|x64.ActiveCfg = Release|x64
		{18CE41BC-5294-3A10-A049-5E456EF6A622}.Release|x64.Build.0 = Release|x64
		{18CE41BC-5294-3A10-A049-5E456EF6A622}.MinSizeRel|x64.ActiveCfg = MinSizeRel|x64
		{18CE41BC-5294-3A10-A049-5E456EF6A622}.MinSizeRel|x64.Build.0 = MinSizeRel|x64
		{18CE41BC-5294-3A10-A049-5E456EF6A622}.RelWithDebInfo|x64.ActiveCfg = RelWithDebInfo|x64
		{18CE41BC-5294-3A10-A049-5E456EF6A622}.RelWithDebInfo|x64.Build.0 = RelWithDebInfo|x64
		{F41DC023-A42D-3611-836A-CD2103226603}.Debug|x64.ActiveCfg = Debug|x64
		{F41DC023-A42D-3611-836A-CD2103226603}.Debug|x64.Build.0 = Debug|x64
		{F41DC023-A42D-3611-836A-CD2103226603}.Release|x64.ActiveCfg = Release|x64
		{F41DC023-A42D-3611-836A-CD2103226603}.Release|x64.Build.0 = Release|x64
		{F41DC023-A42D-3611-836A-CD2103226603}.MinSizeRel|x64.ActiveCfg = MinSizeRel|x64
		{F41DC023-A42D-3611-836A-CD2103226603}.MinSizeRel|x64.Build.0 = MinSizeRel|x64
		{F41DC023-A42D-3611-836A-CD2103226603}.RelWithDebInfo|x64.ActiveCfg = RelWithDebInfo|x64
		{F41DC023-A42D-3611-836A-CD2103226603}.RelWithDebInfo|x64.Build.0 = RelWithDebInfo|x64
		{B927E951-08FE-3D08-A4F6-7B7226D53071}.Debug|x64.ActiveCfg = Debug|x64
		{B927E951-08FE-3D08-A4F6-7B7226D53071}.Debug|x64.Build.0 = Debug|x64
		{B927E951-08FE-3D08-A4F6-7B7226D53071}.Release|x64.ActiveCfg = Release|x64
		{B927E951-08FE-3D08-A4F6-7B7226D53071}.Release|x64.Build.0 = Release|x64
		{B927E951-08FE-3D08-A4F6-7B7226D53071}.MinSizeRel|x64.ActiveCfg = MinSizeRel|x64
		{B927E951-08FE-3D08-A4F6-7B7226D53071}.MinSizeRel|x64.Build.0 = MinSizeRel|x64
		{B927E951-08FE-3D08-A4F6-7B7226D53071}.RelWithDebInfo|x64.ActiveCfg = RelWithDebInfo|x64
		{B927E951-08FE-3D08-A4F6-7B7226D53071}.RelWithDebInfo|x64.Build.0 = RelWithDebInfo|x64
		{07FF629A-B255-379B-A08E-9DD82BAFC81D}.Debug|x64.ActiveCfg = Debug|x64
		{07FF629A-B255-379B-A08E-9DD82BAFC81D}.Debug|x64.Build.0 = Debug|x64
		{07FF629A-B255-379B-A08E-9DD82BAFC81D}.Release|x64.ActiveCfg = Release|x64
		{07FF629A-B255-379B-A08E-9DD82BAFC81D}.Release|x64.Build.0 = Release|x64
		{07FF629A-B255-379B-A08E-9DD82BAFC81D}.MinSizeRel|x64.ActiveCfg = MinSizeRel|x64
		{07FF629A-B255-379B-A08E-9DD82BAFC81D}.MinSizeRel|x64.Build.0 = MinSizeRel|x64
		{07FF629A-B255-379B-A08E-9DD82BAFC81D}.RelWithDebInfo|x64.ActiveCfg = RelWithDebInfo|x64
		{07FF629A-B255-379B-A08E-9DD82BAFC81D}.RelWithDebInfo|x64.Build.0 = RelWithDebInfo|x64
		{99A23E47-08DF-359A-8DA6-CC12196F8BF5}.Debug|x64.ActiveCfg = Debug|x64
		{99A23E47-08DF-359A-8DA6-CC12196F8BF5}.Debug|x64.Build.0 = Debug|x64
		{99A23E47-08DF-359A-8DA6-CC12196F8BF5}.Release|x64.ActiveCfg = Release|x64
		{99A23E47-08DF-359A-8DA6-CC12196F8BF5}.Release|x64.Build.0 = Release|x64
		{99A23E47-08DF-359A-8DA6-CC12196F8BF5}.MinSizeRel|x64.ActiveCfg = MinSizeRel|x64
		{99A23E47-08DF-359A-8DA6-CC12196F8BF5}.MinSizeRel|x64.Build.0 = MinSizeRel|x64
		{99A23E47-08DF-359A-8DA6-CC12196F8BF5}.RelWithDebInfo|x64.ActiveCfg = RelWithDebInfo|x64
		{99A23E47-08DF-359A-8DA6-CC12196F8BF5}.RelWithDebInfo|x64.Build.0 = RelWithDebInfo|x64
		{1C918F4A-FD90-3CE6-BA16-5927918FB17F}.Debug|x64.ActiveCfg = Debug|x64
		{1C918F4A-FD90-3CE6-BA16-5927918FB17F}.Debug|x64.Build.0 = Debug|x64
		{1C918F4A-FD90-3CE6-BA16-5927918FB17F}.Release|x64.ActiveCfg = Release|x64
		{1C918F4A-FD90-3CE6-BA16-5927918FB17F}.Release|x64.Build.0 = Release|x64
		{1C918F4A-FD90-3CE6-BA16-5927918FB17F}.MinSizeRel|x64.ActiveCfg = MinSizeRel|x64
		{1C918F4A-FD90-3CE6-BA16-5927918FB17F}.MinSizeRel|x64.Build.0 = MinSizeRel|x64
		{1C918F4A-FD90-3CE6-BA16-5927918FB17F}.RelWithDebInfo|x64.ActiveCfg = RelWithDebInfo|x64
		{1C918F4A-FD90-3CE6-BA16-5927918FB17F}.RelWithDebInfo|x64.Build.0 = RelWithDebInfo|x64
		{90A70141-8463-339E-873D-D5EDABAC8AA7}.Debug|x64.ActiveCfg = Debug|x64
		{90A70141-8463-339E-873D-D5EDABAC8AA7}.Debug|x64.Build.0 = Debug|x64
		{90A70141-8463-339E-873D-D5EDABAC8AA7}.Release|x64.ActiveCfg = Release|x64
		{90A70141-8463-339E-873D-D5EDABAC8AA7}.Release|x64.Build.0 = Release|x64
		{90A70141-8463-339E-873D-D5EDABAC8AA7}.MinSizeRel|x64.ActiveCfg = MinSizeRel|x64
		{90A70141-8463-339E-873D-D5EDABAC8AA7}.MinSizeRel|x64.Build.0 = MinSizeRel|x64
		{90A70141-8463-339E-873D-D5EDABAC8AA7}.RelWithDebInfo|x64.ActiveCfg = RelWithDebInfo|x64
		{90A70141-8463-339E-873D-D5EDABAC8AA7}.RelWithDebInfo|x64.Build.0 = RelWithDebInfo|x64
	EndGlobalSection
	GlobalSection(ExtensibilityGlobals) = postSolution
		SolutionGuid = {853ADA3C-3EA6-32AD-B894-B8A60062FD33}
	EndGlobalSection
	GlobalSection(ExtensibilityAddIns) = postSolution
	EndGlobalSection
EndGlobal
